{
  "pins" : [
    {
      "identity" : "connections",
      "kind" : "remoteSourceControl",
      "location" : "https://github.com/SwiftUI-Plus/Connections",
      "state" : {
        "branch" : "master",
        "revision" : "c305864791a8987e43d2da69996f1bb9fb14b97b"
      }
    },
    {
      "identity" : "pagertabstripview",
      "kind" : "remoteSourceControl",
      "location" : "https://github.com/xmartlabs/PagerTabStripView",
      "state" : {
        "revision" : "39ec00d2577adf75d82d1c7023c56950b96d2298",
        "version" : "4.0.0"
      }
    },
    {
      "identity" : "qrcode",
      "kind" : "remoteSourceControl",
      "location" : "https://github.com/dagronf/QRCode",
      "state" : {
        "branch" : "main",
        "revision" : "3189c9e57458edd2deb0e9080336f165d893a34b"
      }
    },
    {
      "identity" : "swift-qrcode-generator",
      "kind" : "remoteSourceControl",
      "location" : "https://github.com/dagronf/swift-qrcode-generator",
      "state" : {
        "revision" : "5ca09b6a2ad190f94aa3d6ddef45b187f8c0343b",
        "version" : "1.0.3"
      }
    },
    {
      "identity" : "swiftimagereadwrite",
      "kind" : "remoteSourceControl",
      "location" : "https://github.com/dagronf/SwiftImageReadWrite",
      "state" : {
        "revision" : "5596407d1cf61b953b8e658fa8636a471df3c509",
        "version" : "1.1.6"
      }
    },
    {
      "identity" : "swiftui-scankit",
      "kind" : "remoteSourceControl",
      "location" : "https://github.com/git-shawn/SwiftUI-ScanKit",
      "state" : {
        "branch" : "main",
        "revision" : "bd732d6e3c11d22c4ff1a4fc5e73a3a529963a3a"
      }
    }
  ],
  "version" : 2
}
