{
  "pins" : [
    {
      "identity" : "connections",
      "kind" : "remoteSourceControl",
      "location" : "https://github.com/git-shawn/Connections",
      "state" : {
        "branch" : "vcard-keysToFetch",
        "revision" : "26172efc0c31ec4cf9f2a82b782f37672f26cf2d"
      }
    },
    {
      "identity" : "pagertabstripview",
      "kind" : "remoteSourceControl",
      "location" : "https://github.com/xmartlabs/PagerTabStripView",
      "state" : {
        "branch" : "master",
        "revision" : "69921e0c755be7ff71d1e19f70b6179e432b8b0b"
      }
    },
    {
      "identity" : "qrcode",
      "kind" : "remoteSourceControl",
      "location" : "https://github.com/dagronf/QRCode",
      "state" : {
        "branch" : "main",
        "revision" : "13c605cfa866e257ac9d4ac8a47320a0e11fb6e0"
      }
    },
    {
      "identity" : "swift-qrcode-generator",
      "kind" : "remoteSourceControl",
      "location" : "https://github.com/dagronf/swift-qrcode-generator",
      "state" : {
        "revision" : "2b1980b825f08a81ccc762b0c4d17fcde9d5e953",
        "version" : "2.0.2"
      }
    },
    {
      "identity" : "swiftimagereadwrite",
      "kind" : "remoteSourceControl",
      "location" : "https://github.com/dagronf/SwiftImageReadWrite",
      "state" : {
        "revision" : "02c141026a0c5d74635a457d2d0964c4cb8935b3",
        "version" : "1.4.1"
      }
    },
    {
      "identity" : "swiftui-scankit",
      "kind" : "remoteSourceControl",
      "location" : "https://github.com/git-shawn/SwiftUI-ScanKit",
      "state" : {
        "branch" : "main",
        "revision" : "bd732d6e3c11d22c4ff1a4fc5e73a3a529963a3a"
      }
    }
  ],
  "version" : 2
}
