// !$*UTF8*$!
{
	archiveVersion = 1;
	classes = {
	};
	objectVersion = 55;
	objects = {

/* Begin PBXBuildFile section */
		2911FD562736ED2800E999C3 /* Settings.bundle in Resources */ = {isa = PBXBuildFile; fileRef = 2911FD552736ED2800E999C3 /* Settings.bundle */; };
		2911FD692738818600E999C3 /* AlertToast in Frameworks */ = {isa = PBXBuildFile; productRef = 2911FD682738818600E999C3 /* AlertToast */; };
		2911FD6B273883D300E999C3 /* ContactPicker.swift in Sources */ = {isa = PBXBuildFile; fileRef = 2911FD6A273883D300E999C3 /* ContactPicker.swift */; };
		2911FD6C2738842B00E999C3 /* TextEditorModal.swift in Sources */ = {isa = PBXBuildFile; fileRef = 294C1B7927336FA100835FDF /* TextEditorModal.swift */; };
		2911FD7027388D1D00E999C3 /* QRWifiView.swift in Sources */ = {isa = PBXBuildFile; fileRef = 294C1B7C273370BC00835FDF /* QRWifiView.swift */; };
		2911FD7F2739740B00E999C3 /* qralt1@3x.png in Resources */ = {isa = PBXBuildFile; fileRef = 2911FD722739740A00E999C3 /* qralt1@3x.png */; };
		2911FD812739740B00E999C3 /* qralt2@3x.png in Resources */ = {isa = PBXBuildFile; fileRef = 2911FD742739740A00E999C3 /* qralt2@3x.png */; };
		2911FD822739740B00E999C3 /* qralt3@2x.png in Resources */ = {isa = PBXBuildFile; fileRef = 2911FD752739740A00E999C3 /* qralt3@2x.png */; };
		2911FD842739740B00E999C3 /* qralt4@2x.png in Resources */ = {isa = PBXBuildFile; fileRef = 2911FD772739740A00E999C3 /* qralt4@2x.png */; };
		2911FD852739740B00E999C3 /* qralt4@3x.png in Resources */ = {isa = PBXBuildFile; fileRef = 2911FD782739740B00E999C3 /* qralt4@3x.png */; };
		2911FD862739740B00E999C3 /* qralt5@3x.png in Resources */ = {isa = PBXBuildFile; fileRef = 2911FD792739740B00E999C3 /* qralt5@3x.png */; };
		2911FD882739740B00E999C3 /* qralt1@2x.png in Resources */ = {isa = PBXBuildFile; fileRef = 2911FD7B2739740B00E999C3 /* qralt1@2x.png */; };
		2911FD892739740B00E999C3 /* qralt2@2x.png in Resources */ = {isa = PBXBuildFile; fileRef = 2911FD7C2739740B00E999C3 /* qralt2@2x.png */; };
		2911FD8A2739740B00E999C3 /* qralt5@2x.png in Resources */ = {isa = PBXBuildFile; fileRef = 2911FD7D2739740B00E999C3 /* qralt5@2x.png */; };
		2911FD8B2739740B00E999C3 /* qralt3@3x.png in Resources */ = {isa = PBXBuildFile; fileRef = 2911FD7E2739740B00E999C3 /* qralt3@3x.png */; };
		2911FD9B273974C200E999C3 /* qralt5ipad.png in Resources */ = {isa = PBXBuildFile; fileRef = 2911FD8C273974C100E999C3 /* qralt5ipad.png */; };
		2911FD9C273974C200E999C3 /* qralt1ipad@2x.png in Resources */ = {isa = PBXBuildFile; fileRef = 2911FD8D273974C100E999C3 /* qralt1ipad@2x.png */; };
		2911FD9D273974C200E999C3 /* qralt4ipad@2x.png in Resources */ = {isa = PBXBuildFile; fileRef = 2911FD8E273974C100E999C3 /* qralt4ipad@2x.png */; };
		2911FD9E273974C200E999C3 /* qralt5ipadpro@2x.png in Resources */ = {isa = PBXBuildFile; fileRef = 2911FD8F273974C100E999C3 /* qralt5ipadpro@2x.png */; };
		2911FD9F273974C200E999C3 /* qralt3ipad.png in Resources */ = {isa = PBXBuildFile; fileRef = 2911FD90273974C100E999C3 /* qralt3ipad.png */; };
		2911FDA0273974C200E999C3 /* qralt3ipad@2x.png in Resources */ = {isa = PBXBuildFile; fileRef = 2911FD91273974C100E999C3 /* qralt3ipad@2x.png */; };
		2911FDA1273974C200E999C3 /* qralt2ipadpro@2x.png in Resources */ = {isa = PBXBuildFile; fileRef = 2911FD92273974C100E999C3 /* qralt2ipadpro@2x.png */; };
		2911FDA2273974C200E999C3 /* qralt5ipad@2x.png in Resources */ = {isa = PBXBuildFile; fileRef = 2911FD93273974C200E999C3 /* qralt5ipad@2x.png */; };
		2911FDA3273974C200E999C3 /* qralt3ipadpro@2x.png in Resources */ = {isa = PBXBuildFile; fileRef = 2911FD94273974C200E999C3 /* qralt3ipadpro@2x.png */; };
		2911FDA4273974C200E999C3 /* qralt1ipad.png in Resources */ = {isa = PBXBuildFile; fileRef = 2911FD95273974C200E999C3 /* qralt1ipad.png */; };
		2911FDA5273974C200E999C3 /* qralt4ipad.png in Resources */ = {isa = PBXBuildFile; fileRef = 2911FD96273974C200E999C3 /* qralt4ipad.png */; };
		2911FDA6273974C200E999C3 /* qralt1ipadpro@2x.png in Resources */ = {isa = PBXBuildFile; fileRef = 2911FD97273974C200E999C3 /* qralt1ipadpro@2x.png */; };
		2911FDA7273974C200E999C3 /* qralt4ipadpro@2x.png in Resources */ = {isa = PBXBuildFile; fileRef = 2911FD98273974C200E999C3 /* qralt4ipadpro@2x.png */; };
		2911FDA8273974C200E999C3 /* qralt2ipad@2x.png in Resources */ = {isa = PBXBuildFile; fileRef = 2911FD99273974C200E999C3 /* qralt2ipad@2x.png */; };
		2911FDA9273974C200E999C3 /* qralt2ipad.png in Resources */ = {isa = PBXBuildFile; fileRef = 2911FD9A273974C200E999C3 /* qralt2ipad.png */; };
		2911FDAF273A236B00E999C3 /* ModalNavbar.swift in Sources */ = {isa = PBXBuildFile; fileRef = 2911FDAE273A236B00E999C3 /* ModalNavbar.swift */; };
		2911FDB0273A242B00E999C3 /* ModalNavbar.swift in Sources */ = {isa = PBXBuildFile; fileRef = 2911FDAE273A236B00E999C3 /* ModalNavbar.swift */; };
		2911FDB2273A290200E999C3 /* QRPopTextStyle.swift in Sources */ = {isa = PBXBuildFile; fileRef = 2911FDB1273A290200E999C3 /* QRPopTextStyle.swift */; };
		2911FDB3273A29D500E999C3 /* QRPopTextStyle.swift in Sources */ = {isa = PBXBuildFile; fileRef = 2911FDB1273A290200E999C3 /* QRPopTextStyle.swift */; };
		29480E6927319647006C799F /* QR Pop Extension.appex in Embed App Extensions */ = {isa = PBXBuildFile; fileRef = 29480E6827319647006C799F /* QR Pop Extension.appex */; platformFilter = ios; settings = {ATTRIBUTES = (RemoveHeadersOnCopy, ); }; };
		29480E7327319647006C799F /* QR Pop Extension.appex in Embed App Extensions */ = {isa = PBXBuildFile; fileRef = 29480E7227319647006C799F /* QR Pop Extension.appex */; settings = {ATTRIBUTES = (RemoveHeadersOnCopy, ); }; };
		29480E8127319647006C799F /* ContentView.swift in Sources */ = {isa = PBXBuildFile; fileRef = 29480E3927319645006C799F /* ContentView.swift */; };
		29480E8227319647006C799F /* ContentView.swift in Sources */ = {isa = PBXBuildFile; fileRef = 29480E3927319645006C799F /* ContentView.swift */; };
		29480E8327319647006C799F /* Assets.xcassets in Resources */ = {isa = PBXBuildFile; fileRef = 29480E3A27319646006C799F /* Assets.xcassets */; };
		29480E8427319647006C799F /* Assets.xcassets in Resources */ = {isa = PBXBuildFile; fileRef = 29480E3A27319646006C799F /* Assets.xcassets */; };
		29480E8527319647006C799F /* SafariWebExtensionHandler.swift in Sources */ = {isa = PBXBuildFile; fileRef = 29480E3C27319646006C799F /* SafariWebExtensionHandler.swift */; };
		29480E8627319647006C799F /* SafariWebExtensionHandler.swift in Sources */ = {isa = PBXBuildFile; fileRef = 29480E3C27319646006C799F /* SafariWebExtensionHandler.swift */; };
		29480E8727319647006C799F /* _locales in Resources */ = {isa = PBXBuildFile; fileRef = 29480E3E27319646006C799F /* _locales */; };
		29480E8827319647006C799F /* _locales in Resources */ = {isa = PBXBuildFile; fileRef = 29480E3E27319646006C799F /* _locales */; };
		29480E8927319647006C799F /* images in Resources */ = {isa = PBXBuildFile; fileRef = 29480E3F27319646006C799F /* images */; };
		29480E8A27319647006C799F /* images in Resources */ = {isa = PBXBuildFile; fileRef = 29480E3F27319646006C799F /* images */; };
		29480E8B27319647006C799F /* manifest.json in Resources */ = {isa = PBXBuildFile; fileRef = 29480E4027319646006C799F /* manifest.json */; };
		29480E8C27319647006C799F /* manifest.json in Resources */ = {isa = PBXBuildFile; fileRef = 29480E4027319646006C799F /* manifest.json */; };
		29480E8D27319647006C799F /* background.js in Resources */ = {isa = PBXBuildFile; fileRef = 29480E4127319646006C799F /* background.js */; };
		29480E8E27319647006C799F /* background.js in Resources */ = {isa = PBXBuildFile; fileRef = 29480E4127319646006C799F /* background.js */; };
		29480E8F27319647006C799F /* content.js in Resources */ = {isa = PBXBuildFile; fileRef = 29480E4227319646006C799F /* content.js */; };
		29480E9027319647006C799F /* content.js in Resources */ = {isa = PBXBuildFile; fileRef = 29480E4227319646006C799F /* content.js */; };
		29480E9127319647006C799F /* popup.html in Resources */ = {isa = PBXBuildFile; fileRef = 29480E4327319646006C799F /* popup.html */; };
		29480E9227319647006C799F /* popup.html in Resources */ = {isa = PBXBuildFile; fileRef = 29480E4327319646006C799F /* popup.html */; };
		29480E9327319647006C799F /* popup.css in Resources */ = {isa = PBXBuildFile; fileRef = 29480E4427319646006C799F /* popup.css */; };
		29480E9427319647006C799F /* popup.css in Resources */ = {isa = PBXBuildFile; fileRef = 29480E4427319646006C799F /* popup.css */; };
		29480E9527319647006C799F /* popup.js in Resources */ = {isa = PBXBuildFile; fileRef = 29480E4527319646006C799F /* popup.js */; };
		29480E9627319647006C799F /* popup.js in Resources */ = {isa = PBXBuildFile; fileRef = 29480E4527319646006C799F /* popup.js */; };
		294C1B4C2733611200835FDF /* QRMailView.swift in Sources */ = {isa = PBXBuildFile; fileRef = 294C1B4B2733611200835FDF /* QRMailView.swift */; };
		294C1B4D2733611200835FDF /* QRMailView.swift in Sources */ = {isa = PBXBuildFile; fileRef = 294C1B4B2733611200835FDF /* QRMailView.swift */; };
		294C1B542733624300835FDF /* QRSMSView.swift in Sources */ = {isa = PBXBuildFile; fileRef = 294C1B532733624300835FDF /* QRSMSView.swift */; };
		294C1B552733624300835FDF /* QRSMSView.swift in Sources */ = {isa = PBXBuildFile; fileRef = 294C1B532733624300835FDF /* QRSMSView.swift */; };
		294C1B58273362EF00835FDF /* QRFacetimeView.swift in Sources */ = {isa = PBXBuildFile; fileRef = 294C1B57273362EF00835FDF /* QRFacetimeView.swift */; };
		294C1B59273362EF00835FDF /* QRFacetimeView.swift in Sources */ = {isa = PBXBuildFile; fileRef = 294C1B57273362EF00835FDF /* QRFacetimeView.swift */; };
		294C1B5C273364B800835FDF /* QRPhoneView.swift in Sources */ = {isa = PBXBuildFile; fileRef = 294C1B5B273364B800835FDF /* QRPhoneView.swift */; };
		294C1B5D273364B800835FDF /* QRPhoneView.swift in Sources */ = {isa = PBXBuildFile; fileRef = 294C1B5B273364B800835FDF /* QRPhoneView.swift */; };
		294C1B642733676D00835FDF /* ContactPicker.swift in Sources */ = {isa = PBXBuildFile; fileRef = 294C1B632733676D00835FDF /* ContactPicker.swift */; };
		294C1B68273367BF00835FDF /* QRContactView.swift in Sources */ = {isa = PBXBuildFile; fileRef = 294C1B67273367BF00835FDF /* QRContactView.swift */; };
		294C1B69273367BF00835FDF /* QRContactView.swift in Sources */ = {isa = PBXBuildFile; fileRef = 294C1B67273367BF00835FDF /* QRContactView.swift */; };
		294C1B7227336D1400835FDF /* QRLocationView.swift in Sources */ = {isa = PBXBuildFile; fileRef = 294C1B7127336D1400835FDF /* QRLocationView.swift */; };
		294C1B7327336D1400835FDF /* QRLocationView.swift in Sources */ = {isa = PBXBuildFile; fileRef = 294C1B7127336D1400835FDF /* QRLocationView.swift */; };
		294C1B7627336F6100835FDF /* QRTextView.swift in Sources */ = {isa = PBXBuildFile; fileRef = 294C1B7527336F6100835FDF /* QRTextView.swift */; };
		294C1B7727336F6100835FDF /* QRTextView.swift in Sources */ = {isa = PBXBuildFile; fileRef = 294C1B7527336F6100835FDF /* QRTextView.swift */; };
		294C1B7A27336FA100835FDF /* TextEditorModal.swift in Sources */ = {isa = PBXBuildFile; fileRef = 294C1B7927336FA100835FDF /* TextEditorModal.swift */; };
		294C1B7D273370BC00835FDF /* QRWifiView.swift in Sources */ = {isa = PBXBuildFile; fileRef = 294C1B7C273370BC00835FDF /* QRWifiView.swift */; };
		294C1B8127341C2F00835FDF /* QRCalendarView.swift in Sources */ = {isa = PBXBuildFile; fileRef = 294C1B8027341C2F00835FDF /* QRCalendarView.swift */; };
		294C1B8227341C2F00835FDF /* QRCalendarView.swift in Sources */ = {isa = PBXBuildFile; fileRef = 294C1B8027341C2F00835FDF /* QRCalendarView.swift */; };
		294C1B852734256F00835FDF /* SEPermissionModal.swift in Sources */ = {isa = PBXBuildFile; fileRef = 294C1B842734256F00835FDF /* SEPermissionModal.swift */; };
		294C1B862734256F00835FDF /* SEPermissionModal.swift in Sources */ = {isa = PBXBuildFile; fileRef = 294C1B842734256F00835FDF /* SEPermissionModal.swift */; };
		294C1B892734C91B00835FDF /* ColorContrast.swift in Sources */ = {isa = PBXBuildFile; fileRef = 294C1B882734C91B00835FDF /* ColorContrast.swift */; };
		294C1B8A2734C91B00835FDF /* ColorContrast.swift in Sources */ = {isa = PBXBuildFile; fileRef = 294C1B882734C91B00835FDF /* ColorContrast.swift */; };
		294C1B902734CAED00835FDF /* QRTwitterView.swift in Sources */ = {isa = PBXBuildFile; fileRef = 294C1B8F2734CAED00835FDF /* QRTwitterView.swift */; };
		294C1B912734CAED00835FDF /* QRTwitterView.swift in Sources */ = {isa = PBXBuildFile; fileRef = 294C1B8F2734CAED00835FDF /* QRTwitterView.swift */; };
		2960864B273CBE8600A15B56 /* Acknowledgements.swift in Sources */ = {isa = PBXBuildFile; fileRef = 2960864A273CBE8600A15B56 /* Acknowledgements.swift */; };
		29608650273CC2AB00A15B56 /* Preferences in Frameworks */ = {isa = PBXBuildFile; productRef = 2960864F273CC2AB00A15B56 /* Preferences */; };
		29608653273CC2D000A15B56 /* AboutSettingsView.swift in Sources */ = {isa = PBXBuildFile; fileRef = 29608652273CC2D000A15B56 /* AboutSettingsView.swift */; };
		29608655273CC2E500A15B56 /* InAppSettingsView.swift in Sources */ = {isa = PBXBuildFile; fileRef = 29608654273CC2E500A15B56 /* InAppSettingsView.swift */; };
		29608657273CC2FD00A15B56 /* SafariExtensionSettingsView.swift in Sources */ = {isa = PBXBuildFile; fileRef = 29608656273CC2FD00A15B56 /* SafariExtensionSettingsView.swift */; };
		2960865B273D735100A15B56 /* DownloadIOSView.swift in Sources */ = {isa = PBXBuildFile; fileRef = 2960865A273D735100A15B56 /* DownloadIOSView.swift */; };
		2960865D273D796400A15B56 /* SaveButton.swift in Sources */ = {isa = PBXBuildFile; fileRef = 2960865C273D796400A15B56 /* SaveButton.swift */; };
		29608667273F304F00A15B56 /* HelpBook.swift in Sources */ = {isa = PBXBuildFile; fileRef = 29608666273F304F00A15B56 /* HelpBook.swift */; };
		29777A2327408361000E7A99 /* PrintActivity.swift in Sources */ = {isa = PBXBuildFile; fileRef = 29777A2227408361000E7A99 /* PrintActivity.swift */; };
		29777A2F2740A3F7000E7A99 /* InitiatePrinting.swift in Sources */ = {isa = PBXBuildFile; fileRef = 29777A292740A3F7000E7A99 /* InitiatePrinting.swift */; };
		29777A312740A3F7000E7A99 /* View+Rendering.swift in Sources */ = {isa = PBXBuildFile; fileRef = 29777A2B2740A3F7000E7A99 /* View+Rendering.swift */; };
		29777A322740A3F7000E7A99 /* PageRenderer.swift in Sources */ = {isa = PBXBuildFile; fileRef = 29777A2C2740A3F7000E7A99 /* PageRenderer.swift */; };
		29777A332740A3F7000E7A99 /* PagePreview.swift in Sources */ = {isa = PBXBuildFile; fileRef = 29777A2D2740A3F7000E7A99 /* PagePreview.swift */; };
		29AB050F273196E5009D4901 /* QR Pop App.swift in Sources */ = {isa = PBXBuildFile; fileRef = 29AB050E273196E5009D4901 /* QR Pop App.swift */; };
		29AB0510273196E8009D4901 /* QR Pop App.swift in Sources */ = {isa = PBXBuildFile; fileRef = 29AB050E273196E5009D4901 /* QR Pop App.swift */; };
		29AB0516273197CB009D4901 /* PrivacyPolicyView.swift in Sources */ = {isa = PBXBuildFile; fileRef = 29AB0512273197CB009D4901 /* PrivacyPolicyView.swift */; };
		29AB0518273197CB009D4901 /* Sidebar.swift in Sources */ = {isa = PBXBuildFile; fileRef = 29AB0513273197CB009D4901 /* Sidebar.swift */; };
		29AB0519273197CB009D4901 /* Sidebar.swift in Sources */ = {isa = PBXBuildFile; fileRef = 29AB0513273197CB009D4901 /* Sidebar.swift */; };
		29AB051A273197CB009D4901 /* EmptyView.swift in Sources */ = {isa = PBXBuildFile; fileRef = 29AB0514273197CB009D4901 /* EmptyView.swift */; };
		29AB051B273197CB009D4901 /* EmptyView.swift in Sources */ = {isa = PBXBuildFile; fileRef = 29AB0514273197CB009D4901 /* EmptyView.swift */; };
		29AB051C273197CB009D4901 /* QRView.swift in Sources */ = {isa = PBXBuildFile; fileRef = 29AB0515273197CB009D4901 /* QRView.swift */; };
		29AB0521273197E6009D4901 /* StoreManager.swift in Sources */ = {isa = PBXBuildFile; fileRef = 29AB0520273197E6009D4901 /* StoreManager.swift */; };
		29AB0522273197E6009D4901 /* StoreManager.swift in Sources */ = {isa = PBXBuildFile; fileRef = 29AB0520273197E6009D4901 /* StoreManager.swift */; };
		29AB05242731981F009D4901 /* ImageSlider.swift in Sources */ = {isa = PBXBuildFile; fileRef = 29AB05232731981E009D4901 /* ImageSlider.swift */; };
		29AB052827319834009D4901 /* ActivityView.swift in Sources */ = {isa = PBXBuildFile; fileRef = 29AB052727319834009D4901 /* ActivityView.swift */; };
		29AB052E27319853009D4901 /* AltIconView.swift in Sources */ = {isa = PBXBuildFile; fileRef = 29AB052A27319853009D4901 /* AltIconView.swift */; };
		29AB052F27319853009D4901 /* ExtensionGuideView.swift in Sources */ = {isa = PBXBuildFile; fileRef = 29AB052B27319853009D4901 /* ExtensionGuideView.swift */; };
		29AB053027319853009D4901 /* TabNavigationView.swift in Sources */ = {isa = PBXBuildFile; fileRef = 29AB052C27319853009D4901 /* TabNavigationView.swift */; };
		29AB053127319853009D4901 /* SettingsView.swift in Sources */ = {isa = PBXBuildFile; fileRef = 29AB052D27319853009D4901 /* SettingsView.swift */; };
		29AB0534273198F5009D4901 /* AlertToast in Frameworks */ = {isa = PBXBuildFile; productRef = 29AB0533273198F5009D4901 /* AlertToast */; };
		29AB0539273199DC009D4901 /* qrcode.min.js in Resources */ = {isa = PBXBuildFile; fileRef = 29AB0538273199DC009D4901 /* qrcode.min.js */; };
		29AB053A273199DC009D4901 /* qrcode.min.js in Resources */ = {isa = PBXBuildFile; fileRef = 29AB0538273199DC009D4901 /* qrcode.min.js */; };
		29B1984127319A920001909F /* StoreKit.framework in Frameworks */ = {isa = PBXBuildFile; fileRef = 29B1984027319A920001909F /* StoreKit.framework */; };
		29B1984727319BD00001909F /* StoreKit.framework in Frameworks */ = {isa = PBXBuildFile; fileRef = 29B1984627319BD00001909F /* StoreKit.framework */; };
		29B1984A27319C820001909F /* ImageSlider.swift in Sources */ = {isa = PBXBuildFile; fileRef = 29B1984927319C820001909F /* ImageSlider.swift */; };
		29B1984B27319CC70001909F /* ExtensionGuideView.swift in Sources */ = {isa = PBXBuildFile; fileRef = 29AB052B27319853009D4901 /* ExtensionGuideView.swift */; };
		29B1984D27319D800001909F /* SharePicker.swift in Sources */ = {isa = PBXBuildFile; fileRef = 29B1984C27319D800001909F /* SharePicker.swift */; };
		29B198552731A2FF0001909F /* UniformTypeIdentifiers.framework in Frameworks */ = {isa = PBXBuildFile; fileRef = 29B198542731A2FF0001909F /* UniformTypeIdentifiers.framework */; platformFilter = maccatalyst; };
		29B198582731A2FF0001909F /* Media.xcassets in Resources */ = {isa = PBXBuildFile; fileRef = 29B198572731A2FF0001909F /* Media.xcassets */; };
		29B1985A2731A2FF0001909F /* ActionViewController.swift in Sources */ = {isa = PBXBuildFile; fileRef = 29B198592731A2FF0001909F /* ActionViewController.swift */; };
		29B1985D2731A2FF0001909F /* MainInterface.storyboard in Resources */ = {isa = PBXBuildFile; fileRef = 29B1985B2731A2FF0001909F /* MainInterface.storyboard */; };
		29B198612731A2FF0001909F /* Action.appex in Embed App Extensions */ = {isa = PBXBuildFile; fileRef = 29B198532731A2FF0001909F /* Action.appex */; platformFilter = ios; settings = {ATTRIBUTES = (RemoveHeadersOnCopy, ); }; };
		29B1986F2731A4750001909F /* ShareViewController.swift in Sources */ = {isa = PBXBuildFile; fileRef = 29B1986E2731A4750001909F /* ShareViewController.swift */; };
		29B198722731A4750001909F /* ShareViewController.xib in Resources */ = {isa = PBXBuildFile; fileRef = 29B198702731A4750001909F /* ShareViewController.xib */; };
		29B198772731A4750001909F /* Share.appex in Embed App Extensions */ = {isa = PBXBuildFile; fileRef = 29B1986A2731A4750001909F /* Share.appex */; settings = {ATTRIBUTES = (RemoveHeadersOnCopy, ); }; };
		29B198802731BFF80001909F /* QRCode.swift in Sources */ = {isa = PBXBuildFile; fileRef = 29B1987E2731BDC40001909F /* QRCode.swift */; };
		29B198812731BFF80001909F /* QRCode.swift in Sources */ = {isa = PBXBuildFile; fileRef = 29B1987E2731BDC40001909F /* QRCode.swift */; };
		29B198842731C4C30001909F /* QRImage.swift in Sources */ = {isa = PBXBuildFile; fileRef = 29B198822731C4C00001909F /* QRImage.swift */; };
		29B198852731C4C40001909F /* QRImage.swift in Sources */ = {isa = PBXBuildFile; fileRef = 29B198822731C4C00001909F /* QRImage.swift */; };
		29B198882731C5710001909F /* ImageSaver.swift in Sources */ = {isa = PBXBuildFile; fileRef = 29B198862731C56A0001909F /* ImageSaver.swift */; };
		29B198892731C5710001909F /* ImageSaver.swift in Sources */ = {isa = PBXBuildFile; fileRef = 29B198862731C56A0001909F /* ImageSaver.swift */; };
		29B1988C2731E2EE0001909F /* ShareButton.swift in Sources */ = {isa = PBXBuildFile; fileRef = 29B1988A2731E2640001909F /* ShareButton.swift */; };
		29B1988D2731E2EE0001909F /* ShareButton.swift in Sources */ = {isa = PBXBuildFile; fileRef = 29B1988A2731E2640001909F /* ShareButton.swift */; };
		29B1988F2731E5440001909F /* Clipboard.swift in Sources */ = {isa = PBXBuildFile; fileRef = 29B1988E2731E5440001909F /* Clipboard.swift */; };
		29B198902731E5440001909F /* Clipboard.swift in Sources */ = {isa = PBXBuildFile; fileRef = 29B1988E2731E5440001909F /* Clipboard.swift */; };
		29B198972731F7710001909F /* QRGeneratorStore.swift in Sources */ = {isa = PBXBuildFile; fileRef = 29B198962731F7710001909F /* QRGeneratorStore.swift */; };
		29B198982731F7710001909F /* QRGeneratorStore.swift in Sources */ = {isa = PBXBuildFile; fileRef = 29B198962731F7710001909F /* QRGeneratorStore.swift */; };
		29B1989A2731FC280001909F /* PrivacyPolicyView.swift in Sources */ = {isa = PBXBuildFile; fileRef = 29AB0512273197CB009D4901 /* PrivacyPolicyView.swift */; };
		29B1989D273201520001909F /* QRLinkView.swift in Sources */ = {isa = PBXBuildFile; fileRef = 29B1989C273201520001909F /* QRLinkView.swift */; };
		29B1989E273201520001909F /* QRLinkView.swift in Sources */ = {isa = PBXBuildFile; fileRef = 29B1989C273201520001909F /* QRLinkView.swift */; };
		29B198A1273202EF0001909F /* QRCodeDesigner.swift in Sources */ = {isa = PBXBuildFile; fileRef = 29B198A0273202EF0001909F /* QRCodeDesigner.swift */; };
		29B198A2273202EF0001909F /* QRCodeDesigner.swift in Sources */ = {isa = PBXBuildFile; fileRef = 29B198A0273202EF0001909F /* QRCodeDesigner.swift */; };
		29CE535E274013060013DAC9 /* QRCode.swift in Sources */ = {isa = PBXBuildFile; fileRef = 29B1987E2731BDC40001909F /* QRCode.swift */; };
		29CE5361274015820013DAC9 /* icon.icns in Resources */ = {isa = PBXBuildFile; fileRef = 29CE535F274015780013DAC9 /* icon.icns */; };
		29CE5363274023030013DAC9 /* QRShortcutView.swift in Sources */ = {isa = PBXBuildFile; fileRef = 29CE5362274023030013DAC9 /* QRShortcutView.swift */; };
		29CE5364274023030013DAC9 /* QRShortcutView.swift in Sources */ = {isa = PBXBuildFile; fileRef = 29CE5362274023030013DAC9 /* QRShortcutView.swift */; };
/* End PBXBuildFile section */

/* Begin PBXContainerItemProxy section */
		29480E6A27319647006C799F /* PBXContainerItemProxy */ = {
			isa = PBXContainerItemProxy;
			containerPortal = 29480E2E27319644006C799F /* Project object */;
			proxyType = 1;
			remoteGlobalIDString = 29480E6727319647006C799F;
			remoteInfo = "QR Pop Extension (iOS)";
		};
		29480E7427319647006C799F /* PBXContainerItemProxy */ = {
			isa = PBXContainerItemProxy;
			containerPortal = 29480E2E27319644006C799F /* Project object */;
			proxyType = 1;
			remoteGlobalIDString = 29480E7127319647006C799F;
			remoteInfo = "QR Pop Extension (macOS)";
		};
		29B1985F2731A2FF0001909F /* PBXContainerItemProxy */ = {
			isa = PBXContainerItemProxy;
			containerPortal = 29480E2E27319644006C799F /* Project object */;
			proxyType = 1;
			remoteGlobalIDString = 29B198522731A2FF0001909F;
			remoteInfo = Action;
		};
		29B198752731A4750001909F /* PBXContainerItemProxy */ = {
			isa = PBXContainerItemProxy;
			containerPortal = 29480E2E27319644006C799F /* Project object */;
			proxyType = 1;
			remoteGlobalIDString = 29B198692731A4750001909F;
			remoteInfo = Share;
		};
/* End PBXContainerItemProxy section */

/* Begin PBXCopyFilesBuildPhase section */
		29480E9C27319647006C799F /* Embed App Extensions */ = {
			isa = PBXCopyFilesBuildPhase;
			buildActionMask = 2147483647;
			dstPath = "";
			dstSubfolderSpec = 13;
			files = (
				29B198612731A2FF0001909F /* Action.appex in Embed App Extensions */,
				29480E6927319647006C799F /* QR Pop Extension.appex in Embed App Extensions */,
			);
			name = "Embed App Extensions";
			runOnlyForDeploymentPostprocessing = 0;
		};
		29480EA327319647006C799F /* Embed App Extensions */ = {
			isa = PBXCopyFilesBuildPhase;
			buildActionMask = 2147483647;
			dstPath = "";
			dstSubfolderSpec = 13;
			files = (
				29B198772731A4750001909F /* Share.appex in Embed App Extensions */,
				29480E7327319647006C799F /* QR Pop Extension.appex in Embed App Extensions */,
			);
			name = "Embed App Extensions";
			runOnlyForDeploymentPostprocessing = 0;
		};
/* End PBXCopyFilesBuildPhase section */

/* Begin PBXFileReference section */
		2911FD552736ED2800E999C3 /* Settings.bundle */ = {isa = PBXFileReference; lastKnownFileType = "wrapper.plug-in"; path = Settings.bundle; sourceTree = "<group>"; };
		2911FD5727384F3300E999C3 /* Action.entitlements */ = {isa = PBXFileReference; lastKnownFileType = text.plist.entitlements; path = Action.entitlements; sourceTree = "<group>"; };
		2911FD6A273883D300E999C3 /* ContactPicker.swift */ = {isa = PBXFileReference; lastKnownFileType = sourcecode.swift; path = ContactPicker.swift; sourceTree = "<group>"; };
		2911FD722739740A00E999C3 /* qralt1@3x.png */ = {isa = PBXFileReference; lastKnownFileType = image.png; path = "qralt1@3x.png"; sourceTree = "<group>"; };
		2911FD742739740A00E999C3 /* qralt2@3x.png */ = {isa = PBXFileReference; lastKnownFileType = image.png; path = "qralt2@3x.png"; sourceTree = "<group>"; };
		2911FD752739740A00E999C3 /* qralt3@2x.png */ = {isa = PBXFileReference; lastKnownFileType = image.png; path = "qralt3@2x.png"; sourceTree = "<group>"; };
		2911FD772739740A00E999C3 /* qralt4@2x.png */ = {isa = PBXFileReference; lastKnownFileType = image.png; path = "qralt4@2x.png"; sourceTree = "<group>"; };
		2911FD782739740B00E999C3 /* qralt4@3x.png */ = {isa = PBXFileReference; lastKnownFileType = image.png; path = "qralt4@3x.png"; sourceTree = "<group>"; };
		2911FD792739740B00E999C3 /* qralt5@3x.png */ = {isa = PBXFileReference; lastKnownFileType = image.png; path = "qralt5@3x.png"; sourceTree = "<group>"; };
		2911FD7B2739740B00E999C3 /* qralt1@2x.png */ = {isa = PBXFileReference; lastKnownFileType = image.png; path = "qralt1@2x.png"; sourceTree = "<group>"; };
		2911FD7C2739740B00E999C3 /* qralt2@2x.png */ = {isa = PBXFileReference; lastKnownFileType = image.png; path = "qralt2@2x.png"; sourceTree = "<group>"; };
		2911FD7D2739740B00E999C3 /* qralt5@2x.png */ = {isa = PBXFileReference; lastKnownFileType = image.png; path = "qralt5@2x.png"; sourceTree = "<group>"; };
		2911FD7E2739740B00E999C3 /* qralt3@3x.png */ = {isa = PBXFileReference; lastKnownFileType = image.png; path = "qralt3@3x.png"; sourceTree = "<group>"; };
		2911FD8C273974C100E999C3 /* qralt5ipad.png */ = {isa = PBXFileReference; lastKnownFileType = image.png; path = qralt5ipad.png; sourceTree = "<group>"; };
		2911FD8D273974C100E999C3 /* qralt1ipad@2x.png */ = {isa = PBXFileReference; lastKnownFileType = image.png; path = "qralt1ipad@2x.png"; sourceTree = "<group>"; };
		2911FD8E273974C100E999C3 /* qralt4ipad@2x.png */ = {isa = PBXFileReference; lastKnownFileType = image.png; path = "qralt4ipad@2x.png"; sourceTree = "<group>"; };
		2911FD8F273974C100E999C3 /* qralt5ipadpro@2x.png */ = {isa = PBXFileReference; lastKnownFileType = image.png; path = "qralt5ipadpro@2x.png"; sourceTree = "<group>"; };
		2911FD90273974C100E999C3 /* qralt3ipad.png */ = {isa = PBXFileReference; lastKnownFileType = image.png; path = qralt3ipad.png; sourceTree = "<group>"; };
		2911FD91273974C100E999C3 /* qralt3ipad@2x.png */ = {isa = PBXFileReference; lastKnownFileType = image.png; path = "qralt3ipad@2x.png"; sourceTree = "<group>"; };
		2911FD92273974C100E999C3 /* qralt2ipadpro@2x.png */ = {isa = PBXFileReference; lastKnownFileType = image.png; path = "qralt2ipadpro@2x.png"; sourceTree = "<group>"; };
		2911FD93273974C200E999C3 /* qralt5ipad@2x.png */ = {isa = PBXFileReference; lastKnownFileType = image.png; path = "qralt5ipad@2x.png"; sourceTree = "<group>"; };
		2911FD94273974C200E999C3 /* qralt3ipadpro@2x.png */ = {isa = PBXFileReference; lastKnownFileType = image.png; path = "qralt3ipadpro@2x.png"; sourceTree = "<group>"; };
		2911FD95273974C200E999C3 /* qralt1ipad.png */ = {isa = PBXFileReference; lastKnownFileType = image.png; path = qralt1ipad.png; sourceTree = "<group>"; };
		2911FD96273974C200E999C3 /* qralt4ipad.png */ = {isa = PBXFileReference; lastKnownFileType = image.png; path = qralt4ipad.png; sourceTree = "<group>"; };
		2911FD97273974C200E999C3 /* qralt1ipadpro@2x.png */ = {isa = PBXFileReference; lastKnownFileType = image.png; path = "qralt1ipadpro@2x.png"; sourceTree = "<group>"; };
		2911FD98273974C200E999C3 /* qralt4ipadpro@2x.png */ = {isa = PBXFileReference; lastKnownFileType = image.png; path = "qralt4ipadpro@2x.png"; sourceTree = "<group>"; };
		2911FD99273974C200E999C3 /* qralt2ipad@2x.png */ = {isa = PBXFileReference; lastKnownFileType = image.png; path = "qralt2ipad@2x.png"; sourceTree = "<group>"; };
		2911FD9A273974C200E999C3 /* qralt2ipad.png */ = {isa = PBXFileReference; lastKnownFileType = image.png; path = qralt2ipad.png; sourceTree = "<group>"; };
		2911FDAA2739754F00E999C3 /* Info.plist */ = {isa = PBXFileReference; lastKnownFileType = text.plist.xml; path = Info.plist; sourceTree = "<group>"; };
		2911FDAE273A236B00E999C3 /* ModalNavbar.swift */ = {isa = PBXFileReference; lastKnownFileType = sourcecode.swift; path = ModalNavbar.swift; sourceTree = "<group>"; };
		2911FDB1273A290200E999C3 /* QRPopTextStyle.swift */ = {isa = PBXFileReference; lastKnownFileType = sourcecode.swift; path = QRPopTextStyle.swift; sourceTree = "<group>"; };
		29480E3927319645006C799F /* ContentView.swift */ = {isa = PBXFileReference; lastKnownFileType = sourcecode.swift; path = ContentView.swift; sourceTree = "<group>"; };
		29480E3A27319646006C799F /* Assets.xcassets */ = {isa = PBXFileReference; lastKnownFileType = folder.assetcatalog; path = Assets.xcassets; sourceTree = "<group>"; };
		29480E3C27319646006C799F /* SafariWebExtensionHandler.swift */ = {isa = PBXFileReference; lastKnownFileType = sourcecode.swift; path = SafariWebExtensionHandler.swift; sourceTree = "<group>"; };
		29480E3E27319646006C799F /* _locales */ = {isa = PBXFileReference; lastKnownFileType = folder; path = _locales; sourceTree = "<group>"; };
		29480E3F27319646006C799F /* images */ = {isa = PBXFileReference; lastKnownFileType = folder; path = images; sourceTree = "<group>"; };
		29480E4027319646006C799F /* manifest.json */ = {isa = PBXFileReference; lastKnownFileType = text.json; path = manifest.json; sourceTree = "<group>"; };
		29480E4127319646006C799F /* background.js */ = {isa = PBXFileReference; lastKnownFileType = sourcecode.javascript; path = background.js; sourceTree = "<group>"; };
		29480E4227319646006C799F /* content.js */ = {isa = PBXFileReference; lastKnownFileType = sourcecode.javascript; path = content.js; sourceTree = "<group>"; };
		29480E4327319646006C799F /* popup.html */ = {isa = PBXFileReference; lastKnownFileType = text.html; path = popup.html; sourceTree = "<group>"; };
		29480E4427319646006C799F /* popup.css */ = {isa = PBXFileReference; lastKnownFileType = text.css; path = popup.css; sourceTree = "<group>"; };
		29480E4527319646006C799F /* popup.js */ = {isa = PBXFileReference; lastKnownFileType = sourcecode.javascript; path = popup.js; sourceTree = "<group>"; };
		29480E4A27319646006C799F /* QR Pop.app */ = {isa = PBXFileReference; explicitFileType = wrapper.application; includeInIndex = 0; path = "QR Pop.app"; sourceTree = BUILT_PRODUCTS_DIR; };
		29480E5C27319647006C799F /* QR Pop.app */ = {isa = PBXFileReference; explicitFileType = wrapper.application; includeInIndex = 0; path = "QR Pop.app"; sourceTree = BUILT_PRODUCTS_DIR; };
		29480E6327319647006C799F /* QR Pop.entitlements */ = {isa = PBXFileReference; lastKnownFileType = text.plist.entitlements; path = "QR Pop.entitlements"; sourceTree = "<group>"; };
		29480E6827319647006C799F /* QR Pop Extension.appex */ = {isa = PBXFileReference; explicitFileType = "wrapper.app-extension"; includeInIndex = 0; path = "QR Pop Extension.appex"; sourceTree = BUILT_PRODUCTS_DIR; };
		29480E6D27319647006C799F /* Info.plist */ = {isa = PBXFileReference; lastKnownFileType = text.plist.xml; path = Info.plist; sourceTree = "<group>"; };
		29480E7227319647006C799F /* QR Pop Extension.appex */ = {isa = PBXFileReference; explicitFileType = "wrapper.app-extension"; includeInIndex = 0; path = "QR Pop Extension.appex"; sourceTree = BUILT_PRODUCTS_DIR; };
		29480E7727319647006C799F /* Info.plist */ = {isa = PBXFileReference; lastKnownFileType = text.plist.xml; path = Info.plist; sourceTree = "<group>"; };
		29480E7827319647006C799F /* QR Pop.entitlements */ = {isa = PBXFileReference; lastKnownFileType = text.plist.entitlements; path = "QR Pop.entitlements"; sourceTree = "<group>"; };
		294C1B4B2733611200835FDF /* QRMailView.swift */ = {isa = PBXFileReference; fileEncoding = 4; lastKnownFileType = sourcecode.swift; path = QRMailView.swift; sourceTree = "<group>"; };
		294C1B532733624300835FDF /* QRSMSView.swift */ = {isa = PBXFileReference; fileEncoding = 4; lastKnownFileType = sourcecode.swift; path = QRSMSView.swift; sourceTree = "<group>"; };
		294C1B57273362EF00835FDF /* QRFacetimeView.swift */ = {isa = PBXFileReference; fileEncoding = 4; lastKnownFileType = sourcecode.swift; path = QRFacetimeView.swift; sourceTree = "<group>"; };
		294C1B5B273364B800835FDF /* QRPhoneView.swift */ = {isa = PBXFileReference; fileEncoding = 4; lastKnownFileType = sourcecode.swift; path = QRPhoneView.swift; sourceTree = "<group>"; };
		294C1B632733676D00835FDF /* ContactPicker.swift */ = {isa = PBXFileReference; lastKnownFileType = sourcecode.swift; path = ContactPicker.swift; sourceTree = "<group>"; };
		294C1B67273367BF00835FDF /* QRContactView.swift */ = {isa = PBXFileReference; fileEncoding = 4; lastKnownFileType = sourcecode.swift; path = QRContactView.swift; sourceTree = "<group>"; };
		294C1B7127336D1400835FDF /* QRLocationView.swift */ = {isa = PBXFileReference; fileEncoding = 4; lastKnownFileType = sourcecode.swift; path = QRLocationView.swift; sourceTree = "<group>"; };
		294C1B7527336F6100835FDF /* QRTextView.swift */ = {isa = PBXFileReference; fileEncoding = 4; lastKnownFileType = sourcecode.swift; path = QRTextView.swift; sourceTree = "<group>"; };
		294C1B7927336FA100835FDF /* TextEditorModal.swift */ = {isa = PBXFileReference; lastKnownFileType = sourcecode.swift; path = TextEditorModal.swift; sourceTree = "<group>"; };
		294C1B7C273370BC00835FDF /* QRWifiView.swift */ = {isa = PBXFileReference; fileEncoding = 4; lastKnownFileType = sourcecode.swift; path = QRWifiView.swift; sourceTree = "<group>"; };
		294C1B8027341C2F00835FDF /* QRCalendarView.swift */ = {isa = PBXFileReference; fileEncoding = 4; lastKnownFileType = sourcecode.swift; path = QRCalendarView.swift; sourceTree = "<group>"; };
		294C1B842734256F00835FDF /* SEPermissionModal.swift */ = {isa = PBXFileReference; lastKnownFileType = sourcecode.swift; path = SEPermissionModal.swift; sourceTree = "<group>"; };
		294C1B882734C91B00835FDF /* ColorContrast.swift */ = {isa = PBXFileReference; lastKnownFileType = sourcecode.swift; path = ColorContrast.swift; sourceTree = "<group>"; };
		294C1B8F2734CAED00835FDF /* QRTwitterView.swift */ = {isa = PBXFileReference; fileEncoding = 4; lastKnownFileType = sourcecode.swift; path = QRTwitterView.swift; sourceTree = "<group>"; };
		2960864A273CBE8600A15B56 /* Acknowledgements.swift */ = {isa = PBXFileReference; lastKnownFileType = sourcecode.swift; path = Acknowledgements.swift; sourceTree = "<group>"; };
		29608652273CC2D000A15B56 /* AboutSettingsView.swift */ = {isa = PBXFileReference; lastKnownFileType = sourcecode.swift; path = AboutSettingsView.swift; sourceTree = "<group>"; };
		29608654273CC2E500A15B56 /* InAppSettingsView.swift */ = {isa = PBXFileReference; lastKnownFileType = sourcecode.swift; path = InAppSettingsView.swift; sourceTree = "<group>"; };
		29608656273CC2FD00A15B56 /* SafariExtensionSettingsView.swift */ = {isa = PBXFileReference; lastKnownFileType = sourcecode.swift; path = SafariExtensionSettingsView.swift; sourceTree = "<group>"; };
		2960865A273D735100A15B56 /* DownloadIOSView.swift */ = {isa = PBXFileReference; lastKnownFileType = sourcecode.swift; path = DownloadIOSView.swift; sourceTree = "<group>"; };
		2960865C273D796400A15B56 /* SaveButton.swift */ = {isa = PBXFileReference; lastKnownFileType = sourcecode.swift; path = SaveButton.swift; sourceTree = "<group>"; };
		29608666273F304F00A15B56 /* HelpBook.swift */ = {isa = PBXFileReference; lastKnownFileType = sourcecode.swift; path = HelpBook.swift; sourceTree = "<group>"; };
		29777A2227408361000E7A99 /* PrintActivity.swift */ = {isa = PBXFileReference; lastKnownFileType = sourcecode.swift; path = PrintActivity.swift; sourceTree = "<group>"; };
		29777A292740A3F7000E7A99 /* InitiatePrinting.swift */ = {isa = PBXFileReference; fileEncoding = 4; lastKnownFileType = sourcecode.swift; path = InitiatePrinting.swift; sourceTree = "<group>"; };
		29777A2B2740A3F7000E7A99 /* View+Rendering.swift */ = {isa = PBXFileReference; fileEncoding = 4; lastKnownFileType = sourcecode.swift; path = "View+Rendering.swift"; sourceTree = "<group>"; };
		29777A2C2740A3F7000E7A99 /* PageRenderer.swift */ = {isa = PBXFileReference; fileEncoding = 4; lastKnownFileType = sourcecode.swift; path = PageRenderer.swift; sourceTree = "<group>"; };
		29777A2D2740A3F7000E7A99 /* PagePreview.swift */ = {isa = PBXFileReference; fileEncoding = 4; lastKnownFileType = sourcecode.swift; path = PagePreview.swift; sourceTree = "<group>"; };
		29AB050E273196E5009D4901 /* QR Pop App.swift */ = {isa = PBXFileReference; lastKnownFileType = sourcecode.swift; path = "QR Pop App.swift"; sourceTree = "<group>"; };
		29AB0512273197CB009D4901 /* PrivacyPolicyView.swift */ = {isa = PBXFileReference; fileEncoding = 4; lastKnownFileType = sourcecode.swift; path = PrivacyPolicyView.swift; sourceTree = "<group>"; };
		29AB0513273197CB009D4901 /* Sidebar.swift */ = {isa = PBXFileReference; fileEncoding = 4; lastKnownFileType = sourcecode.swift; path = Sidebar.swift; sourceTree = "<group>"; };
		29AB0514273197CB009D4901 /* EmptyView.swift */ = {isa = PBXFileReference; fileEncoding = 4; lastKnownFileType = sourcecode.swift; path = EmptyView.swift; sourceTree = "<group>"; };
		29AB0515273197CB009D4901 /* QRView.swift */ = {isa = PBXFileReference; fileEncoding = 4; lastKnownFileType = sourcecode.swift; path = QRView.swift; sourceTree = "<group>"; };
		29AB0520273197E6009D4901 /* StoreManager.swift */ = {isa = PBXFileReference; fileEncoding = 4; lastKnownFileType = sourcecode.swift; path = StoreManager.swift; sourceTree = "<group>"; };
		29AB05232731981E009D4901 /* ImageSlider.swift */ = {isa = PBXFileReference; fileEncoding = 4; lastKnownFileType = sourcecode.swift; path = ImageSlider.swift; sourceTree = "<group>"; };
		29AB052727319834009D4901 /* ActivityView.swift */ = {isa = PBXFileReference; fileEncoding = 4; lastKnownFileType = sourcecode.swift; path = ActivityView.swift; sourceTree = "<group>"; };
		29AB052A27319853009D4901 /* AltIconView.swift */ = {isa = PBXFileReference; fileEncoding = 4; lastKnownFileType = sourcecode.swift; path = AltIconView.swift; sourceTree = "<group>"; };
		29AB052B27319853009D4901 /* ExtensionGuideView.swift */ = {isa = PBXFileReference; fileEncoding = 4; lastKnownFileType = sourcecode.swift; path = ExtensionGuideView.swift; sourceTree = "<group>"; };
		29AB052C27319853009D4901 /* TabNavigationView.swift */ = {isa = PBXFileReference; fileEncoding = 4; lastKnownFileType = sourcecode.swift; path = TabNavigationView.swift; sourceTree = "<group>"; };
		29AB052D27319853009D4901 /* SettingsView.swift */ = {isa = PBXFileReference; fileEncoding = 4; lastKnownFileType = sourcecode.swift; path = SettingsView.swift; sourceTree = "<group>"; };
		29AB0538273199DC009D4901 /* qrcode.min.js */ = {isa = PBXFileReference; fileEncoding = 4; lastKnownFileType = sourcecode.javascript; path = qrcode.min.js; sourceTree = "<group>"; };
		29AB053B273199EE009D4901 /* LICENSE */ = {isa = PBXFileReference; lastKnownFileType = text; path = LICENSE; sourceTree = "<group>"; };
		29B1984027319A920001909F /* StoreKit.framework */ = {isa = PBXFileReference; lastKnownFileType = wrapper.framework; name = StoreKit.framework; path = Platforms/iPhoneOS.platform/Developer/SDKs/iPhoneOS15.0.sdk/System/Library/Frameworks/StoreKit.framework; sourceTree = DEVELOPER_DIR; };
		29B1984227319A980001909F /* QR Pop.entitlements */ = {isa = PBXFileReference; lastKnownFileType = text.plist.entitlements; path = "QR Pop.entitlements"; sourceTree = "<group>"; };
		29B1984527319AB10001909F /* Extension.entitlements */ = {isa = PBXFileReference; lastKnownFileType = text.plist.entitlements; path = Extension.entitlements; sourceTree = "<group>"; };
		29B1984627319BD00001909F /* StoreKit.framework */ = {isa = PBXFileReference; lastKnownFileType = wrapper.framework; name = StoreKit.framework; path = System/Library/Frameworks/StoreKit.framework; sourceTree = SDKROOT; };
		29B1984927319C820001909F /* ImageSlider.swift */ = {isa = PBXFileReference; lastKnownFileType = sourcecode.swift; path = ImageSlider.swift; sourceTree = "<group>"; };
		29B1984C27319D800001909F /* SharePicker.swift */ = {isa = PBXFileReference; lastKnownFileType = sourcecode.swift; path = SharePicker.swift; sourceTree = "<group>"; };
		29B198532731A2FF0001909F /* Action.appex */ = {isa = PBXFileReference; explicitFileType = "wrapper.app-extension"; includeInIndex = 0; path = Action.appex; sourceTree = BUILT_PRODUCTS_DIR; };
		29B198542731A2FF0001909F /* UniformTypeIdentifiers.framework */ = {isa = PBXFileReference; lastKnownFileType = wrapper.framework; name = UniformTypeIdentifiers.framework; path = System/Library/Frameworks/UniformTypeIdentifiers.framework; sourceTree = SDKROOT; };
		29B198572731A2FF0001909F /* Media.xcassets */ = {isa = PBXFileReference; lastKnownFileType = folder.assetcatalog; path = Media.xcassets; sourceTree = "<group>"; };
		29B198592731A2FF0001909F /* ActionViewController.swift */ = {isa = PBXFileReference; lastKnownFileType = sourcecode.swift; path = ActionViewController.swift; sourceTree = "<group>"; };
		29B1985C2731A2FF0001909F /* Base */ = {isa = PBXFileReference; lastKnownFileType = file.storyboard; name = Base; path = Base.lproj/MainInterface.storyboard; sourceTree = "<group>"; };
		29B1985E2731A2FF0001909F /* Info.plist */ = {isa = PBXFileReference; lastKnownFileType = text.plist.xml; path = Info.plist; sourceTree = "<group>"; };
		29B1986A2731A4750001909F /* Share.appex */ = {isa = PBXFileReference; explicitFileType = "wrapper.app-extension"; includeInIndex = 0; path = Share.appex; sourceTree = BUILT_PRODUCTS_DIR; };
		29B1986E2731A4750001909F /* ShareViewController.swift */ = {isa = PBXFileReference; lastKnownFileType = sourcecode.swift; path = ShareViewController.swift; sourceTree = "<group>"; };
		29B198712731A4750001909F /* Base */ = {isa = PBXFileReference; lastKnownFileType = file.xib; name = Base; path = Base.lproj/ShareViewController.xib; sourceTree = "<group>"; };
		29B198732731A4750001909F /* Info.plist */ = {isa = PBXFileReference; lastKnownFileType = text.plist.xml; path = Info.plist; sourceTree = "<group>"; };
		29B198742731A4750001909F /* Share.entitlements */ = {isa = PBXFileReference; lastKnownFileType = text.plist.entitlements; path = Share.entitlements; sourceTree = "<group>"; };
		29B1987D2731BC180001909F /* Info.plist */ = {isa = PBXFileReference; lastKnownFileType = text.plist.xml; path = Info.plist; sourceTree = "<group>"; };
		29B1987E2731BDC40001909F /* QRCode.swift */ = {isa = PBXFileReference; lastKnownFileType = sourcecode.swift; path = QRCode.swift; sourceTree = "<group>"; };
		29B198822731C4C00001909F /* QRImage.swift */ = {isa = PBXFileReference; lastKnownFileType = sourcecode.swift; path = QRImage.swift; sourceTree = "<group>"; };
		29B198862731C56A0001909F /* ImageSaver.swift */ = {isa = PBXFileReference; lastKnownFileType = sourcecode.swift; path = ImageSaver.swift; sourceTree = "<group>"; };
		29B1988A2731E2640001909F /* ShareButton.swift */ = {isa = PBXFileReference; lastKnownFileType = sourcecode.swift; path = ShareButton.swift; sourceTree = "<group>"; };
		29B1988E2731E5440001909F /* Clipboard.swift */ = {isa = PBXFileReference; lastKnownFileType = sourcecode.swift; path = Clipboard.swift; sourceTree = "<group>"; };
		29B198962731F7710001909F /* QRGeneratorStore.swift */ = {isa = PBXFileReference; lastKnownFileType = sourcecode.swift; path = QRGeneratorStore.swift; sourceTree = "<group>"; };
		29B1989C273201520001909F /* QRLinkView.swift */ = {isa = PBXFileReference; lastKnownFileType = sourcecode.swift; path = QRLinkView.swift; sourceTree = "<group>"; };
		29B198A0273202EF0001909F /* QRCodeDesigner.swift */ = {isa = PBXFileReference; lastKnownFileType = sourcecode.swift; path = QRCodeDesigner.swift; sourceTree = "<group>"; };
		29CE535F274015780013DAC9 /* icon.icns */ = {isa = PBXFileReference; lastKnownFileType = image.icns; path = icon.icns; sourceTree = "<group>"; };
		29CE5362274023030013DAC9 /* QRShortcutView.swift */ = {isa = PBXFileReference; fileEncoding = 4; lastKnownFileType = sourcecode.swift; path = QRShortcutView.swift; sourceTree = "<group>"; };
/* End PBXFileReference section */

/* Begin PBXFrameworksBuildPhase section */
		29480E4727319646006C799F /* Frameworks */ = {
			isa = PBXFrameworksBuildPhase;
			buildActionMask = 2147483647;
			files = (
				29AB0534273198F5009D4901 /* AlertToast in Frameworks */,
				29B1984127319A920001909F /* StoreKit.framework in Frameworks */,
			);
			runOnlyForDeploymentPostprocessing = 0;
		};
		29480E5927319647006C799F /* Frameworks */ = {
			isa = PBXFrameworksBuildPhase;
			buildActionMask = 2147483647;
			files = (
				29B1984727319BD00001909F /* StoreKit.framework in Frameworks */,
				29608650273CC2AB00A15B56 /* Preferences in Frameworks */,
				2911FD692738818600E999C3 /* AlertToast in Frameworks */,
			);
			runOnlyForDeploymentPostprocessing = 0;
		};
		29480E6527319647006C799F /* Frameworks */ = {
			isa = PBXFrameworksBuildPhase;
			buildActionMask = 2147483647;
			files = (
			);
			runOnlyForDeploymentPostprocessing = 0;
		};
		29480E6F27319647006C799F /* Frameworks */ = {
			isa = PBXFrameworksBuildPhase;
			buildActionMask = 2147483647;
			files = (
			);
			runOnlyForDeploymentPostprocessing = 0;
		};
		29B198502731A2FF0001909F /* Frameworks */ = {
			isa = PBXFrameworksBuildPhase;
			buildActionMask = 2147483647;
			files = (
				29B198552731A2FF0001909F /* UniformTypeIdentifiers.framework in Frameworks */,
			);
			runOnlyForDeploymentPostprocessing = 0;
		};
		29B198672731A4750001909F /* Frameworks */ = {
			isa = PBXFrameworksBuildPhase;
			buildActionMask = 2147483647;
			files = (
			);
			runOnlyForDeploymentPostprocessing = 0;
		};
/* End PBXFrameworksBuildPhase section */

/* Begin PBXGroup section */
		2911FD71273973F800E999C3 /* AltIcons */ = {
			isa = PBXGroup;
			children = (
				2911FD7B2739740B00E999C3 /* qralt1@2x.png */,
				2911FD722739740A00E999C3 /* qralt1@3x.png */,
				2911FD95273974C200E999C3 /* qralt1ipad.png */,
				2911FD8D273974C100E999C3 /* qralt1ipad@2x.png */,
				2911FD97273974C200E999C3 /* qralt1ipadpro@2x.png */,
				2911FD7C2739740B00E999C3 /* qralt2@2x.png */,
				2911FD742739740A00E999C3 /* qralt2@3x.png */,
				2911FD9A273974C200E999C3 /* qralt2ipad.png */,
				2911FD99273974C200E999C3 /* qralt2ipad@2x.png */,
				2911FD92273974C100E999C3 /* qralt2ipadpro@2x.png */,
				2911FD752739740A00E999C3 /* qralt3@2x.png */,
				2911FD7E2739740B00E999C3 /* qralt3@3x.png */,
				2911FD90273974C100E999C3 /* qralt3ipad.png */,
				2911FD91273974C100E999C3 /* qralt3ipad@2x.png */,
				2911FD94273974C200E999C3 /* qralt3ipadpro@2x.png */,
				2911FD772739740A00E999C3 /* qralt4@2x.png */,
				2911FD782739740B00E999C3 /* qralt4@3x.png */,
				2911FD96273974C200E999C3 /* qralt4ipad.png */,
				2911FD8E273974C100E999C3 /* qralt4ipad@2x.png */,
				2911FD98273974C200E999C3 /* qralt4ipadpro@2x.png */,
				2911FD7D2739740B00E999C3 /* qralt5@2x.png */,
				2911FD792739740B00E999C3 /* qralt5@3x.png */,
				2911FD8C273974C100E999C3 /* qralt5ipad.png */,
				2911FD93273974C200E999C3 /* qralt5ipad@2x.png */,
				2911FD8F273974C100E999C3 /* qralt5ipadpro@2x.png */,
			);
			path = AltIcons;
			sourceTree = "<group>";
		};
		29480E2D27319644006C799F = {
			isa = PBXGroup;
			children = (
				29480E3227319645006C799F /* QR Pop */,
				29480E3B27319646006C799F /* Safari Extension */,
				29B198652731A30A0001909F /* Share Extension */,
				29480E4B27319646006C799F /* Products */,
				29AB053527319908009D4901 /* Frameworks */,
			);
			sourceTree = "<group>";
		};
		29480E3227319645006C799F /* QR Pop */ = {
			isa = PBXGroup;
			children = (
				29AB051F273197DE009D4901 /* Helpers */,
				29AB051E273197DA009D4901 /* Components */,
				29AB0511273197B6009D4901 /* Views */,
				29AB050D273196C9009D4901 /* iOS */,
				29480E5D27319647006C799F /* macOS */,
				29480E3927319645006C799F /* ContentView.swift */,
				29AB050E273196E5009D4901 /* QR Pop App.swift */,
				29480E3A27319646006C799F /* Assets.xcassets */,
			);
			path = "QR Pop";
			sourceTree = "<group>";
		};
		29480E3B27319646006C799F /* Safari Extension */ = {
			isa = PBXGroup;
			children = (
				29480E3D27319646006C799F /* Resources */,
				29480E6C27319647006C799F /* iOS */,
				29480E7627319647006C799F /* macOS */,
				29480E3C27319646006C799F /* SafariWebExtensionHandler.swift */,
			);
			path = "Safari Extension";
			sourceTree = "<group>";
		};
		29480E3D27319646006C799F /* Resources */ = {
			isa = PBXGroup;
			children = (
				29480E3E27319646006C799F /* _locales */,
				29480E3F27319646006C799F /* images */,
				29480E4027319646006C799F /* manifest.json */,
				29480E4127319646006C799F /* background.js */,
				29480E4227319646006C799F /* content.js */,
				29480E4327319646006C799F /* popup.html */,
				29480E4427319646006C799F /* popup.css */,
				29480E4527319646006C799F /* popup.js */,
				29AB053B273199EE009D4901 /* LICENSE */,
				29AB0538273199DC009D4901 /* qrcode.min.js */,
			);
			path = Resources;
			sourceTree = "<group>";
		};
		29480E4B27319646006C799F /* Products */ = {
			isa = PBXGroup;
			children = (
				29480E4A27319646006C799F /* QR Pop.app */,
				29480E5C27319647006C799F /* QR Pop.app */,
				29480E6827319647006C799F /* QR Pop Extension.appex */,
				29480E7227319647006C799F /* QR Pop Extension.appex */,
				29B198532731A2FF0001909F /* Action.appex */,
				29B1986A2731A4750001909F /* Share.appex */,
			);
			name = Products;
			sourceTree = "<group>";
		};
		29480E5D27319647006C799F /* macOS */ = {
			isa = PBXGroup;
			children = (
				29608649273CBE6800A15B56 /* Views */,
				29B1984827319C6F0001909F /* Components */,
				29480E6327319647006C799F /* QR Pop.entitlements */,
				29B1987D2731BC180001909F /* Info.plist */,
			);
			path = macOS;
			sourceTree = "<group>";
		};
		29480E6C27319647006C799F /* iOS */ = {
			isa = PBXGroup;
			children = (
				29B1984527319AB10001909F /* Extension.entitlements */,
				29480E6D27319647006C799F /* Info.plist */,
			);
			path = iOS;
			sourceTree = "<group>";
		};
		29480E7627319647006C799F /* macOS */ = {
			isa = PBXGroup;
			children = (
				29480E7727319647006C799F /* Info.plist */,
				29480E7827319647006C799F /* QR Pop.entitlements */,
			);
			path = macOS;
			sourceTree = "<group>";
		};
		29608649273CBE6800A15B56 /* Views */ = {
			isa = PBXGroup;
			children = (
				29608651273CC2B800A15B56 /* Preferences */,
				2960864A273CBE8600A15B56 /* Acknowledgements.swift */,
				2960865A273D735100A15B56 /* DownloadIOSView.swift */,
				29608666273F304F00A15B56 /* HelpBook.swift */,
			);
			path = Views;
			sourceTree = "<group>";
		};
		29608651273CC2B800A15B56 /* Preferences */ = {
			isa = PBXGroup;
			children = (
				29608652273CC2D000A15B56 /* AboutSettingsView.swift */,
				29608654273CC2E500A15B56 /* InAppSettingsView.swift */,
				29608656273CC2FD00A15B56 /* SafariExtensionSettingsView.swift */,
			);
			path = Preferences;
			sourceTree = "<group>";
		};
		29777A2127408354000E7A99 /* Activities */ = {
			isa = PBXGroup;
			children = (
				29777A2227408361000E7A99 /* PrintActivity.swift */,
			);
			path = Activities;
			sourceTree = "<group>";
		};
		29777A272740A3DF000E7A99 /* SwiftUIPrint */ = {
			isa = PBXGroup;
			children = (
				29777A292740A3F7000E7A99 /* InitiatePrinting.swift */,
				29777A2D2740A3F7000E7A99 /* PagePreview.swift */,
				29777A2C2740A3F7000E7A99 /* PageRenderer.swift */,
				29777A2B2740A3F7000E7A99 /* View+Rendering.swift */,
			);
			path = SwiftUIPrint;
			sourceTree = "<group>";
		};
		29AB050D273196C9009D4901 /* iOS */ = {
			isa = PBXGroup;
			children = (
				29777A2127408354000E7A99 /* Activities */,
				2911FD71273973F800E999C3 /* AltIcons */,
				29AB052927319848009D4901 /* Views */,
				29AB052627319825009D4901 /* Components */,
				2911FD552736ED2800E999C3 /* Settings.bundle */,
				29B1984227319A980001909F /* QR Pop.entitlements */,
				2911FDAA2739754F00E999C3 /* Info.plist */,
			);
			path = iOS;
			sourceTree = "<group>";
		};
		29AB0511273197B6009D4901 /* Views */ = {
			isa = PBXGroup;
			children = (
				29B1989B273201420001909F /* QR Generator Views */,
				29AB052B27319853009D4901 /* ExtensionGuideView.swift */,
				29AB0514273197CB009D4901 /* EmptyView.swift */,
				29AB0512273197CB009D4901 /* PrivacyPolicyView.swift */,
				29AB0513273197CB009D4901 /* Sidebar.swift */,
			);
			path = Views;
			sourceTree = "<group>";
		};
		29AB051E273197DA009D4901 /* Components */ = {
			isa = PBXGroup;
			children = (
				29B198822731C4C00001909F /* QRImage.swift */,
				29B1988A2731E2640001909F /* ShareButton.swift */,
				29B198A0273202EF0001909F /* QRCodeDesigner.swift */,
				294C1B842734256F00835FDF /* SEPermissionModal.swift */,
				294C1B7927336FA100835FDF /* TextEditorModal.swift */,
				2911FDAE273A236B00E999C3 /* ModalNavbar.swift */,
				2911FDB1273A290200E999C3 /* QRPopTextStyle.swift */,
			);
			path = Components;
			sourceTree = "<group>";
		};
		29AB051F273197DE009D4901 /* Helpers */ = {
			isa = PBXGroup;
			children = (
				29AB0520273197E6009D4901 /* StoreManager.swift */,
				29B1987E2731BDC40001909F /* QRCode.swift */,
				29B198862731C56A0001909F /* ImageSaver.swift */,
				29B1988E2731E5440001909F /* Clipboard.swift */,
				29B198962731F7710001909F /* QRGeneratorStore.swift */,
				294C1B882734C91B00835FDF /* ColorContrast.swift */,
			);
			path = Helpers;
			sourceTree = "<group>";
		};
		29AB052627319825009D4901 /* Components */ = {
			isa = PBXGroup;
			children = (
				29777A272740A3DF000E7A99 /* SwiftUIPrint */,
				29AB05232731981E009D4901 /* ImageSlider.swift */,
				29AB052727319834009D4901 /* ActivityView.swift */,
				294C1B632733676D00835FDF /* ContactPicker.swift */,
			);
			path = Components;
			sourceTree = "<group>";
		};
		29AB052927319848009D4901 /* Views */ = {
			isa = PBXGroup;
			children = (
				29AB0515273197CB009D4901 /* QRView.swift */,
				29AB052A27319853009D4901 /* AltIconView.swift */,
				29AB052D27319853009D4901 /* SettingsView.swift */,
				29AB052C27319853009D4901 /* TabNavigationView.swift */,
			);
			path = Views;
			sourceTree = "<group>";
		};
		29AB053527319908009D4901 /* Frameworks */ = {
			isa = PBXGroup;
			children = (
				29B1984627319BD00001909F /* StoreKit.framework */,
				29B1984027319A920001909F /* StoreKit.framework */,
				29B198542731A2FF0001909F /* UniformTypeIdentifiers.framework */,
			);
			name = Frameworks;
			sourceTree = "<group>";
		};
		29B1984827319C6F0001909F /* Components */ = {
			isa = PBXGroup;
			children = (
				29B1984927319C820001909F /* ImageSlider.swift */,
				29B1984C27319D800001909F /* SharePicker.swift */,
				2911FD6A273883D300E999C3 /* ContactPicker.swift */,
				2960865C273D796400A15B56 /* SaveButton.swift */,
			);
			path = Components;
			sourceTree = "<group>";
		};
		29B198562731A2FF0001909F /* iOS */ = {
			isa = PBXGroup;
			children = (
				2911FD5727384F3300E999C3 /* Action.entitlements */,
				29B198572731A2FF0001909F /* Media.xcassets */,
				29B198592731A2FF0001909F /* ActionViewController.swift */,
				29B1985B2731A2FF0001909F /* MainInterface.storyboard */,
				29B1985E2731A2FF0001909F /* Info.plist */,
			);
			path = iOS;
			sourceTree = "<group>";
		};
		29B198652731A30A0001909F /* Share Extension */ = {
			isa = PBXGroup;
			children = (
				29B1986B2731A4750001909F /* macOS */,
				29B198562731A2FF0001909F /* iOS */,
			);
			path = "Share Extension";
			sourceTree = "<group>";
		};
		29B1986B2731A4750001909F /* macOS */ = {
			isa = PBXGroup;
			children = (
				29CE535F274015780013DAC9 /* icon.icns */,
				29B1986E2731A4750001909F /* ShareViewController.swift */,
				29B198702731A4750001909F /* ShareViewController.xib */,
				29B198732731A4750001909F /* Info.plist */,
				29B198742731A4750001909F /* Share.entitlements */,
			);
			path = macOS;
			sourceTree = "<group>";
		};
		29B1989B273201420001909F /* QR Generator Views */ = {
			isa = PBXGroup;
			children = (
				29B1989C273201520001909F /* QRLinkView.swift */,
				294C1B7C273370BC00835FDF /* QRWifiView.swift */,
				294C1B8027341C2F00835FDF /* QRCalendarView.swift */,
				294C1B67273367BF00835FDF /* QRContactView.swift */,
				294C1B4B2733611200835FDF /* QRMailView.swift */,
				294C1B5B273364B800835FDF /* QRPhoneView.swift */,
				294C1B532733624300835FDF /* QRSMSView.swift */,
				294C1B57273362EF00835FDF /* QRFacetimeView.swift */,
				294C1B8F2734CAED00835FDF /* QRTwitterView.swift */,
				294C1B7127336D1400835FDF /* QRLocationView.swift */,
				294C1B7527336F6100835FDF /* QRTextView.swift */,
				29CE5362274023030013DAC9 /* QRShortcutView.swift */,
			);
			path = "QR Generator Views";
			sourceTree = "<group>";
		};
/* End PBXGroup section */

/* Begin PBXNativeTarget section */
		29480E4927319646006C799F /* QR Pop (iOS) */ = {
			isa = PBXNativeTarget;
			buildConfigurationList = 29480E9D27319647006C799F /* Build configuration list for PBXNativeTarget "QR Pop (iOS)" */;
			buildPhases = (
				29480E4627319646006C799F /* Sources */,
				29480E4727319646006C799F /* Frameworks */,
				29480E4827319646006C799F /* Resources */,
				29480E9C27319647006C799F /* Embed App Extensions */,
			);
			buildRules = (
			);
			dependencies = (
				29480E6B27319647006C799F /* PBXTargetDependency */,
				29B198602731A2FF0001909F /* PBXTargetDependency */,
			);
			name = "QR Pop (iOS)";
			packageProductDependencies = (
				29AB0533273198F5009D4901 /* AlertToast */,
			);
			productName = "QR Pop (iOS)";
			productReference = 29480E4A27319646006C799F /* QR Pop.app */;
			productType = "com.apple.product-type.application";
		};
		29480E5B27319647006C799F /* QR Pop (macOS) */ = {
			isa = PBXNativeTarget;
			buildConfigurationList = 29480EA427319647006C799F /* Build configuration list for PBXNativeTarget "QR Pop (macOS)" */;
			buildPhases = (
				29480E5827319647006C799F /* Sources */,
				29480E5927319647006C799F /* Frameworks */,
				29480E5A27319647006C799F /* Resources */,
				29480EA327319647006C799F /* Embed App Extensions */,
			);
			buildRules = (
			);
			dependencies = (
				29480E7527319647006C799F /* PBXTargetDependency */,
				29B198762731A4750001909F /* PBXTargetDependency */,
			);
			name = "QR Pop (macOS)";
			packageProductDependencies = (
				2911FD682738818600E999C3 /* AlertToast */,
				2960864F273CC2AB00A15B56 /* Preferences */,
			);
			productName = "QR Pop (macOS)";
			productReference = 29480E5C27319647006C799F /* QR Pop.app */;
			productType = "com.apple.product-type.application";
		};
		29480E6727319647006C799F /* QR Pop Extension (iOS) */ = {
			isa = PBXNativeTarget;
			buildConfigurationList = 29480E9927319647006C799F /* Build configuration list for PBXNativeTarget "QR Pop Extension (iOS)" */;
			buildPhases = (
				29480E6427319647006C799F /* Sources */,
				29480E6527319647006C799F /* Frameworks */,
				29480E6627319647006C799F /* Resources */,
			);
			buildRules = (
			);
			dependencies = (
			);
			name = "QR Pop Extension (iOS)";
			productName = "QR Pop Extension (iOS)";
			productReference = 29480E6827319647006C799F /* QR Pop Extension.appex */;
			productType = "com.apple.product-type.app-extension";
		};
		29480E7127319647006C799F /* QR Pop Extension (macOS) */ = {
			isa = PBXNativeTarget;
			buildConfigurationList = 29480EA027319647006C799F /* Build configuration list for PBXNativeTarget "QR Pop Extension (macOS)" */;
			buildPhases = (
				29480E6E27319647006C799F /* Sources */,
				29480E6F27319647006C799F /* Frameworks */,
				29480E7027319647006C799F /* Resources */,
			);
			buildRules = (
			);
			dependencies = (
			);
			name = "QR Pop Extension (macOS)";
			productName = "QR Pop Extension (macOS)";
			productReference = 29480E7227319647006C799F /* QR Pop Extension.appex */;
			productType = "com.apple.product-type.app-extension";
		};
		29B198522731A2FF0001909F /* Action */ = {
			isa = PBXNativeTarget;
			buildConfigurationList = 29B198622731A2FF0001909F /* Build configuration list for PBXNativeTarget "Action" */;
			buildPhases = (
				29B1984F2731A2FF0001909F /* Sources */,
				29B198502731A2FF0001909F /* Frameworks */,
				29B198512731A2FF0001909F /* Resources */,
			);
			buildRules = (
			);
			dependencies = (
			);
			name = Action;
			productName = Action;
			productReference = 29B198532731A2FF0001909F /* Action.appex */;
			productType = "com.apple.product-type.app-extension";
		};
		29B198692731A4750001909F /* Share */ = {
			isa = PBXNativeTarget;
			buildConfigurationList = 29B198782731A4750001909F /* Build configuration list for PBXNativeTarget "Share" */;
			buildPhases = (
				29B198662731A4750001909F /* Sources */,
				29B198672731A4750001909F /* Frameworks */,
				29B198682731A4750001909F /* Resources */,
			);
			buildRules = (
			);
			dependencies = (
			);
			name = Share;
			productName = Share;
			productReference = 29B1986A2731A4750001909F /* Share.appex */;
			productType = "com.apple.product-type.app-extension";
		};
/* End PBXNativeTarget section */

/* Begin PBXProject section */
		29480E2E27319644006C799F /* Project object */ = {
			isa = PBXProject;
			attributes = {
				BuildIndependentTargetsInParallel = 1;
				LastSwiftUpdateCheck = 1310;
				LastUpgradeCheck = 1310;
				TargetAttributes = {
					29480E4927319646006C799F = {
						CreatedOnToolsVersion = 13.1;
					};
					29480E5B27319647006C799F = {
						CreatedOnToolsVersion = 13.1;
					};
					29480E6727319647006C799F = {
						CreatedOnToolsVersion = 13.1;
					};
					29480E7127319647006C799F = {
						CreatedOnToolsVersion = 13.1;
					};
					29B198522731A2FF0001909F = {
						CreatedOnToolsVersion = 13.1;
					};
					29B198692731A4750001909F = {
						CreatedOnToolsVersion = 13.1;
					};
				};
			};
			buildConfigurationList = 29480E3127319644006C799F /* Build configuration list for PBXProject "QR Pop" */;
			compatibilityVersion = "Xcode 13.0";
			developmentRegion = en;
			hasScannedForEncodings = 0;
			knownRegions = (
				en,
				Base,
			);
			mainGroup = 29480E2D27319644006C799F;
			packageReferences = (
				29AB0532273198F5009D4901 /* XCRemoteSwiftPackageReference "AlertToast" */,
				2960864E273CC2AB00A15B56 /* XCRemoteSwiftPackageReference "Preferences" */,
			);
			productRefGroup = 29480E4B27319646006C799F /* Products */;
			projectDirPath = "";
			projectRoot = "";
			targets = (
				29480E4927319646006C799F /* QR Pop (iOS) */,
				29480E5B27319647006C799F /* QR Pop (macOS) */,
				29480E6727319647006C799F /* QR Pop Extension (iOS) */,
				29480E7127319647006C799F /* QR Pop Extension (macOS) */,
				29B198522731A2FF0001909F /* Action */,
				29B198692731A4750001909F /* Share */,
			);
		};
/* End PBXProject section */

/* Begin PBXResourcesBuildPhase section */
		29480E4827319646006C799F /* Resources */ = {
			isa = PBXResourcesBuildPhase;
			buildActionMask = 2147483647;
			files = (
				2911FD562736ED2800E999C3 /* Settings.bundle in Resources */,
				2911FDA2273974C200E999C3 /* qralt5ipad@2x.png in Resources */,
				2911FDA4273974C200E999C3 /* qralt1ipad.png in Resources */,
				2911FDA5273974C200E999C3 /* qralt4ipad.png in Resources */,
				2911FD7F2739740B00E999C3 /* qralt1@3x.png in Resources */,
				2911FDA7273974C200E999C3 /* qralt4ipadpro@2x.png in Resources */,
				2911FDA6273974C200E999C3 /* qralt1ipadpro@2x.png in Resources */,
				2911FD9B273974C200E999C3 /* qralt5ipad.png in Resources */,
				2911FDA1273974C200E999C3 /* qralt2ipadpro@2x.png in Resources */,
				2911FD862739740B00E999C3 /* qralt5@3x.png in Resources */,
				2911FDA8273974C200E999C3 /* qralt2ipad@2x.png in Resources */,
				2911FD8B2739740B00E999C3 /* qralt3@3x.png in Resources */,
				2911FD9F273974C200E999C3 /* qralt3ipad.png in Resources */,
				2911FD852739740B00E999C3 /* qralt4@3x.png in Resources */,
				2911FDA3273974C200E999C3 /* qralt3ipadpro@2x.png in Resources */,
				2911FD842739740B00E999C3 /* qralt4@2x.png in Resources */,
				2911FD8A2739740B00E999C3 /* qralt5@2x.png in Resources */,
				2911FD822739740B00E999C3 /* qralt3@2x.png in Resources */,
				2911FD9E273974C200E999C3 /* qralt5ipadpro@2x.png in Resources */,
				2911FDA0273974C200E999C3 /* qralt3ipad@2x.png in Resources */,
				2911FD9C273974C200E999C3 /* qralt1ipad@2x.png in Resources */,
				2911FD882739740B00E999C3 /* qralt1@2x.png in Resources */,
				2911FD812739740B00E999C3 /* qralt2@3x.png in Resources */,
				2911FD9D273974C200E999C3 /* qralt4ipad@2x.png in Resources */,
				29480E8327319647006C799F /* Assets.xcassets in Resources */,
				2911FD892739740B00E999C3 /* qralt2@2x.png in Resources */,
				2911FDA9273974C200E999C3 /* qralt2ipad.png in Resources */,
			);
			runOnlyForDeploymentPostprocessing = 0;
		};
		29480E5A27319647006C799F /* Resources */ = {
			isa = PBXResourcesBuildPhase;
			buildActionMask = 2147483647;
			files = (
				29480E8427319647006C799F /* Assets.xcassets in Resources */,
			);
			runOnlyForDeploymentPostprocessing = 0;
		};
		29480E6627319647006C799F /* Resources */ = {
			isa = PBXResourcesBuildPhase;
			buildActionMask = 2147483647;
			files = (
				29480E8D27319647006C799F /* background.js in Resources */,
				29480E9327319647006C799F /* popup.css in Resources */,
				29480E9127319647006C799F /* popup.html in Resources */,
				29480E8927319647006C799F /* images in Resources */,
				29480E8B27319647006C799F /* manifest.json in Resources */,
				29480E8727319647006C799F /* _locales in Resources */,
				29AB0539273199DC009D4901 /* qrcode.min.js in Resources */,
				29480E8F27319647006C799F /* content.js in Resources */,
				29480E9527319647006C799F /* popup.js in Resources */,
			);
			runOnlyForDeploymentPostprocessing = 0;
		};
		29480E7027319647006C799F /* Resources */ = {
			isa = PBXResourcesBuildPhase;
			buildActionMask = 2147483647;
			files = (
				29480E8E27319647006C799F /* background.js in Resources */,
				29480E9427319647006C799F /* popup.css in Resources */,
				29480E9227319647006C799F /* popup.html in Resources */,
				29480E8A27319647006C799F /* images in Resources */,
				29480E8C27319647006C799F /* manifest.json in Resources */,
				29480E8827319647006C799F /* _locales in Resources */,
				29AB053A273199DC009D4901 /* qrcode.min.js in Resources */,
				29480E9027319647006C799F /* content.js in Resources */,
				29480E9627319647006C799F /* popup.js in Resources */,
			);
			runOnlyForDeploymentPostprocessing = 0;
		};
		29B198512731A2FF0001909F /* Resources */ = {
			isa = PBXResourcesBuildPhase;
			buildActionMask = 2147483647;
			files = (
				29B198582731A2FF0001909F /* Media.xcassets in Resources */,
				29B1985D2731A2FF0001909F /* MainInterface.storyboard in Resources */,
			);
			runOnlyForDeploymentPostprocessing = 0;
		};
		29B198682731A4750001909F /* Resources */ = {
			isa = PBXResourcesBuildPhase;
			buildActionMask = 2147483647;
			files = (
				29B198722731A4750001909F /* ShareViewController.xib in Resources */,
				29CE5361274015820013DAC9 /* icon.icns in Resources */,
			);
			runOnlyForDeploymentPostprocessing = 0;
		};
/* End PBXResourcesBuildPhase section */

/* Begin PBXSourcesBuildPhase section */
		29480E4627319646006C799F /* Sources */ = {
			isa = PBXSourcesBuildPhase;
			buildActionMask = 2147483647;
			files = (
				29B1988F2731E5440001909F /* Clipboard.swift in Sources */,
				29AB0516273197CB009D4901 /* PrivacyPolicyView.swift in Sources */,
				29AB0521273197E6009D4901 /* StoreManager.swift in Sources */,
				29AB05242731981F009D4901 /* ImageSlider.swift in Sources */,
				294C1B4C2733611200835FDF /* QRMailView.swift in Sources */,
				29B198852731C4C40001909F /* QRImage.swift in Sources */,
				294C1B902734CAED00835FDF /* QRTwitterView.swift in Sources */,
				29AB051C273197CB009D4901 /* QRView.swift in Sources */,
				29AB052F27319853009D4901 /* ExtensionGuideView.swift in Sources */,
				294C1B5C273364B800835FDF /* QRPhoneView.swift in Sources */,
				29B1989D273201520001909F /* QRLinkView.swift in Sources */,
				29AB051A273197CB009D4901 /* EmptyView.swift in Sources */,
				29AB052827319834009D4901 /* ActivityView.swift in Sources */,
				294C1B852734256F00835FDF /* SEPermissionModal.swift in Sources */,
				29B198A1273202EF0001909F /* QRCodeDesigner.swift in Sources */,
				29B198812731BFF80001909F /* QRCode.swift in Sources */,
				294C1B642733676D00835FDF /* ContactPicker.swift in Sources */,
				29777A322740A3F7000E7A99 /* PageRenderer.swift in Sources */,
				294C1B68273367BF00835FDF /* QRContactView.swift in Sources */,
				29480E8127319647006C799F /* ContentView.swift in Sources */,
				29777A312740A3F7000E7A99 /* View+Rendering.swift in Sources */,
				29CE5363274023030013DAC9 /* QRShortcutView.swift in Sources */,
				29777A2327408361000E7A99 /* PrintActivity.swift in Sources */,
				2911FDAF273A236B00E999C3 /* ModalNavbar.swift in Sources */,
				294C1B7A27336FA100835FDF /* TextEditorModal.swift in Sources */,
				29AB053027319853009D4901 /* TabNavigationView.swift in Sources */,
				29B1988D2731E2EE0001909F /* ShareButton.swift in Sources */,
				294C1B8127341C2F00835FDF /* QRCalendarView.swift in Sources */,
				29AB0518273197CB009D4901 /* Sidebar.swift in Sources */,
				29AB050F273196E5009D4901 /* QR Pop App.swift in Sources */,
				29AB052E27319853009D4901 /* AltIconView.swift in Sources */,
				294C1B58273362EF00835FDF /* QRFacetimeView.swift in Sources */,
				294C1B7D273370BC00835FDF /* QRWifiView.swift in Sources */,
				29AB053127319853009D4901 /* SettingsView.swift in Sources */,
				294C1B7627336F6100835FDF /* QRTextView.swift in Sources */,
				294C1B542733624300835FDF /* QRSMSView.swift in Sources */,
				29777A332740A3F7000E7A99 /* PagePreview.swift in Sources */,
				294C1B7227336D1400835FDF /* QRLocationView.swift in Sources */,
				29777A2F2740A3F7000E7A99 /* InitiatePrinting.swift in Sources */,
				29B198892731C5710001909F /* ImageSaver.swift in Sources */,
				294C1B892734C91B00835FDF /* ColorContrast.swift in Sources */,
				29B198972731F7710001909F /* QRGeneratorStore.swift in Sources */,
				2911FDB2273A290200E999C3 /* QRPopTextStyle.swift in Sources */,
			);
			runOnlyForDeploymentPostprocessing = 0;
		};
		29480E5827319647006C799F /* Sources */ = {
			isa = PBXSourcesBuildPhase;
			buildActionMask = 2147483647;
			files = (
				29AB0522273197E6009D4901 /* StoreManager.swift in Sources */,
				29B1984A27319C820001909F /* ImageSlider.swift in Sources */,
				2960865D273D796400A15B56 /* SaveButton.swift in Sources */,
				29CE5364274023030013DAC9 /* QRShortcutView.swift in Sources */,
				294C1B5D273364B800835FDF /* QRPhoneView.swift in Sources */,
				29B1984D27319D800001909F /* SharePicker.swift in Sources */,
				294C1B7727336F6100835FDF /* QRTextView.swift in Sources */,
				2960865B273D735100A15B56 /* DownloadIOSView.swift in Sources */,
				294C1B912734CAED00835FDF /* QRTwitterView.swift in Sources */,
				294C1B552733624300835FDF /* QRSMSView.swift in Sources */,
				29608653273CC2D000A15B56 /* AboutSettingsView.swift in Sources */,
				2911FD6C2738842B00E999C3 /* TextEditorModal.swift in Sources */,
				29B198802731BFF80001909F /* QRCode.swift in Sources */,
				29B198842731C4C30001909F /* QRImage.swift in Sources */,
				29608667273F304F00A15B56 /* HelpBook.swift in Sources */,
				294C1B8A2734C91B00835FDF /* ColorContrast.swift in Sources */,
				29B1988C2731E2EE0001909F /* ShareButton.swift in Sources */,
				2911FDB3273A29D500E999C3 /* QRPopTextStyle.swift in Sources */,
				294C1B4D2733611200835FDF /* QRMailView.swift in Sources */,
				2960864B273CBE8600A15B56 /* Acknowledgements.swift in Sources */,
				2911FD6B273883D300E999C3 /* ContactPicker.swift in Sources */,
				29B1989E273201520001909F /* QRLinkView.swift in Sources */,
				29608655273CC2E500A15B56 /* InAppSettingsView.swift in Sources */,
				29B198982731F7710001909F /* QRGeneratorStore.swift in Sources */,
				29AB051B273197CB009D4901 /* EmptyView.swift in Sources */,
				29480E8227319647006C799F /* ContentView.swift in Sources */,
				29AB0519273197CB009D4901 /* Sidebar.swift in Sources */,
				294C1B8227341C2F00835FDF /* QRCalendarView.swift in Sources */,
				29B1989A2731FC280001909F /* PrivacyPolicyView.swift in Sources */,
				294C1B69273367BF00835FDF /* QRContactView.swift in Sources */,
				29B198882731C5710001909F /* ImageSaver.swift in Sources */,
				2911FDB0273A242B00E999C3 /* ModalNavbar.swift in Sources */,
				294C1B59273362EF00835FDF /* QRFacetimeView.swift in Sources */,
				29B198902731E5440001909F /* Clipboard.swift in Sources */,
				29AB0510273196E8009D4901 /* QR Pop App.swift in Sources */,
				294C1B862734256F00835FDF /* SEPermissionModal.swift in Sources */,
				2911FD7027388D1D00E999C3 /* QRWifiView.swift in Sources */,
				29608657273CC2FD00A15B56 /* SafariExtensionSettingsView.swift in Sources */,
				29B198A2273202EF0001909F /* QRCodeDesigner.swift in Sources */,
				294C1B7327336D1400835FDF /* QRLocationView.swift in Sources */,
				29B1984B27319CC70001909F /* ExtensionGuideView.swift in Sources */,
			);
			runOnlyForDeploymentPostprocessing = 0;
		};
		29480E6427319647006C799F /* Sources */ = {
			isa = PBXSourcesBuildPhase;
			buildActionMask = 2147483647;
			files = (
				29480E8527319647006C799F /* SafariWebExtensionHandler.swift in Sources */,
			);
			runOnlyForDeploymentPostprocessing = 0;
		};
		29480E6E27319647006C799F /* Sources */ = {
			isa = PBXSourcesBuildPhase;
			buildActionMask = 2147483647;
			files = (
				29480E8627319647006C799F /* SafariWebExtensionHandler.swift in Sources */,
			);
			runOnlyForDeploymentPostprocessing = 0;
		};
		29B1984F2731A2FF0001909F /* Sources */ = {
			isa = PBXSourcesBuildPhase;
			buildActionMask = 2147483647;
			files = (
				29B1985A2731A2FF0001909F /* ActionViewController.swift in Sources */,
			);
			runOnlyForDeploymentPostprocessing = 0;
		};
		29B198662731A4750001909F /* Sources */ = {
			isa = PBXSourcesBuildPhase;
			buildActionMask = 2147483647;
			files = (
				29B1986F2731A4750001909F /* ShareViewController.swift in Sources */,
				29CE535E274013060013DAC9 /* QRCode.swift in Sources */,
			);
			runOnlyForDeploymentPostprocessing = 0;
		};
/* End PBXSourcesBuildPhase section */

/* Begin PBXTargetDependency section */
		29480E6B27319647006C799F /* PBXTargetDependency */ = {
			isa = PBXTargetDependency;
			platformFilter = ios;
			target = 29480E6727319647006C799F /* QR Pop Extension (iOS) */;
			targetProxy = 29480E6A27319647006C799F /* PBXContainerItemProxy */;
		};
		29480E7527319647006C799F /* PBXTargetDependency */ = {
			isa = PBXTargetDependency;
			target = 29480E7127319647006C799F /* QR Pop Extension (macOS) */;
			targetProxy = 29480E7427319647006C799F /* PBXContainerItemProxy */;
		};
		29B198602731A2FF0001909F /* PBXTargetDependency */ = {
			isa = PBXTargetDependency;
			platformFilter = ios;
			target = 29B198522731A2FF0001909F /* Action */;
			targetProxy = 29B1985F2731A2FF0001909F /* PBXContainerItemProxy */;
		};
		29B198762731A4750001909F /* PBXTargetDependency */ = {
			isa = PBXTargetDependency;
			target = 29B198692731A4750001909F /* Share */;
			targetProxy = 29B198752731A4750001909F /* PBXContainerItemProxy */;
		};
/* End PBXTargetDependency section */

/* Begin PBXVariantGroup section */
		29B1985B2731A2FF0001909F /* MainInterface.storyboard */ = {
			isa = PBXVariantGroup;
			children = (
				29B1985C2731A2FF0001909F /* Base */,
			);
			name = MainInterface.storyboard;
			sourceTree = "<group>";
		};
		29B198702731A4750001909F /* ShareViewController.xib */ = {
			isa = PBXVariantGroup;
			children = (
				29B198712731A4750001909F /* Base */,
			);
			name = ShareViewController.xib;
			sourceTree = "<group>";
		};
/* End PBXVariantGroup section */

/* Begin XCBuildConfiguration section */
		29480E9727319647006C799F /* Debug */ = {
			isa = XCBuildConfiguration;
			buildSettings = {
				ALWAYS_SEARCH_USER_PATHS = NO;
				CLANG_ANALYZER_NONNULL = YES;
				CLANG_ANALYZER_NUMBER_OBJECT_CONVERSION = YES_AGGRESSIVE;
				CLANG_CXX_LANGUAGE_STANDARD = "gnu++17";
				CLANG_CXX_LIBRARY = "libc++";
				CLANG_ENABLE_MODULES = YES;
				CLANG_ENABLE_OBJC_ARC = YES;
				CLANG_ENABLE_OBJC_WEAK = YES;
				CLANG_WARN_BLOCK_CAPTURE_AUTORELEASING = YES;
				CLANG_WARN_BOOL_CONVERSION = YES;
				CLANG_WARN_COMMA = YES;
				CLANG_WARN_CONSTANT_CONVERSION = YES;
				CLANG_WARN_DEPRECATED_OBJC_IMPLEMENTATIONS = YES;
				CLANG_WARN_DIRECT_OBJC_ISA_USAGE = YES_ERROR;
				CLANG_WARN_DOCUMENTATION_COMMENTS = YES;
				CLANG_WARN_EMPTY_BODY = YES;
				CLANG_WARN_ENUM_CONVERSION = YES;
				CLANG_WARN_INFINITE_RECURSION = YES;
				CLANG_WARN_INT_CONVERSION = YES;
				CLANG_WARN_NON_LITERAL_NULL_CONVERSION = YES;
				CLANG_WARN_OBJC_IMPLICIT_RETAIN_SELF = YES;
				CLANG_WARN_OBJC_LITERAL_CONVERSION = YES;
				CLANG_WARN_OBJC_ROOT_CLASS = YES_ERROR;
				CLANG_WARN_QUOTED_INCLUDE_IN_FRAMEWORK_HEADER = YES;
				CLANG_WARN_RANGE_LOOP_ANALYSIS = YES;
				CLANG_WARN_STRICT_PROTOTYPES = YES;
				CLANG_WARN_SUSPICIOUS_MOVE = YES;
				CLANG_WARN_UNGUARDED_AVAILABILITY = YES_AGGRESSIVE;
				CLANG_WARN_UNREACHABLE_CODE = YES;
				CLANG_WARN__DUPLICATE_METHOD_MATCH = YES;
				COPY_PHASE_STRIP = NO;
				DEBUG_INFORMATION_FORMAT = dwarf;
				ENABLE_STRICT_OBJC_MSGSEND = YES;
				ENABLE_TESTABILITY = YES;
				GCC_C_LANGUAGE_STANDARD = gnu11;
				GCC_DYNAMIC_NO_PIC = NO;
				GCC_NO_COMMON_BLOCKS = YES;
				GCC_OPTIMIZATION_LEVEL = 0;
				GCC_PREPROCESSOR_DEFINITIONS = (
					"DEBUG=1",
					"$(inherited)",
				);
				GCC_WARN_64_TO_32_BIT_CONVERSION = YES;
				GCC_WARN_ABOUT_RETURN_TYPE = YES_ERROR;
				GCC_WARN_UNDECLARED_SELECTOR = YES;
				GCC_WARN_UNINITIALIZED_AUTOS = YES_AGGRESSIVE;
				GCC_WARN_UNUSED_FUNCTION = YES;
				GCC_WARN_UNUSED_VARIABLE = YES;
				MTL_ENABLE_DEBUG_INFO = INCLUDE_SOURCE;
				MTL_FAST_MATH = YES;
				ONLY_ACTIVE_ARCH = YES;
				SWIFT_ACTIVE_COMPILATION_CONDITIONS = DEBUG;
				SWIFT_OPTIMIZATION_LEVEL = "-Onone";
			};
			name = Debug;
		};
		29480E9827319647006C799F /* Release */ = {
			isa = XCBuildConfiguration;
			buildSettings = {
				ALWAYS_SEARCH_USER_PATHS = NO;
				CLANG_ANALYZER_NONNULL = YES;
				CLANG_ANALYZER_NUMBER_OBJECT_CONVERSION = YES_AGGRESSIVE;
				CLANG_CXX_LANGUAGE_STANDARD = "gnu++17";
				CLANG_CXX_LIBRARY = "libc++";
				CLANG_ENABLE_MODULES = YES;
				CLANG_ENABLE_OBJC_ARC = YES;
				CLANG_ENABLE_OBJC_WEAK = YES;
				CLANG_WARN_BLOCK_CAPTURE_AUTORELEASING = YES;
				CLANG_WARN_BOOL_CONVERSION = YES;
				CLANG_WARN_COMMA = YES;
				CLANG_WARN_CONSTANT_CONVERSION = YES;
				CLANG_WARN_DEPRECATED_OBJC_IMPLEMENTATIONS = YES;
				CLANG_WARN_DIRECT_OBJC_ISA_USAGE = YES_ERROR;
				CLANG_WARN_DOCUMENTATION_COMMENTS = YES;
				CLANG_WARN_EMPTY_BODY = YES;
				CLANG_WARN_ENUM_CONVERSION = YES;
				CLANG_WARN_INFINITE_RECURSION = YES;
				CLANG_WARN_INT_CONVERSION = YES;
				CLANG_WARN_NON_LITERAL_NULL_CONVERSION = YES;
				CLANG_WARN_OBJC_IMPLICIT_RETAIN_SELF = YES;
				CLANG_WARN_OBJC_LITERAL_CONVERSION = YES;
				CLANG_WARN_OBJC_ROOT_CLASS = YES_ERROR;
				CLANG_WARN_QUOTED_INCLUDE_IN_FRAMEWORK_HEADER = YES;
				CLANG_WARN_RANGE_LOOP_ANALYSIS = YES;
				CLANG_WARN_STRICT_PROTOTYPES = YES;
				CLANG_WARN_SUSPICIOUS_MOVE = YES;
				CLANG_WARN_UNGUARDED_AVAILABILITY = YES_AGGRESSIVE;
				CLANG_WARN_UNREACHABLE_CODE = YES;
				CLANG_WARN__DUPLICATE_METHOD_MATCH = YES;
				COPY_PHASE_STRIP = NO;
				DEBUG_INFORMATION_FORMAT = "dwarf-with-dsym";
				ENABLE_NS_ASSERTIONS = NO;
				ENABLE_STRICT_OBJC_MSGSEND = YES;
				GCC_C_LANGUAGE_STANDARD = gnu11;
				GCC_NO_COMMON_BLOCKS = YES;
				GCC_WARN_64_TO_32_BIT_CONVERSION = YES;
				GCC_WARN_ABOUT_RETURN_TYPE = YES_ERROR;
				GCC_WARN_UNDECLARED_SELECTOR = YES;
				GCC_WARN_UNINITIALIZED_AUTOS = YES_AGGRESSIVE;
				GCC_WARN_UNUSED_FUNCTION = YES;
				GCC_WARN_UNUSED_VARIABLE = YES;
				MTL_ENABLE_DEBUG_INFO = NO;
				MTL_FAST_MATH = YES;
				SWIFT_COMPILATION_MODE = wholemodule;
				SWIFT_OPTIMIZATION_LEVEL = "-O";
			};
			name = Release;
		};
		29480E9A27319647006C799F /* Debug */ = {
			isa = XCBuildConfiguration;
			buildSettings = {
				CODE_SIGN_ENTITLEMENTS = "Safari Extension/iOS/Extension.entitlements";
				CODE_SIGN_STYLE = Automatic;
				CURRENT_PROJECT_VERSION = 30;
				DEVELOPMENT_TEAM = QK557BC776;
				GENERATE_INFOPLIST_FILE = YES;
				INFOPLIST_FILE = "Safari Extension/iOS/Info.plist";
				INFOPLIST_KEY_CFBundleDisplayName = "QR Pop Extension";
				INFOPLIST_KEY_NSHumanReadableCopyright = "";
				IPHONEOS_DEPLOYMENT_TARGET = 15.0;
				LD_RUNPATH_SEARCH_PATHS = (
					"$(inherited)",
					"@executable_path/Frameworks",
					"@executable_path/../../Frameworks",
				);
				MARKETING_VERSION = 2.5;
				OTHER_LDFLAGS = (
					"-framework",
					SafariServices,
				);
				PRODUCT_BUNDLE_IDENTIFIER = "shwndvs.QR-Pop.Extension";
				PRODUCT_NAME = "QR Pop Extension";
				SDKROOT = iphoneos;
				SKIP_INSTALL = YES;
				SUPPORTS_MACCATALYST = NO;
				SWIFT_EMIT_LOC_STRINGS = YES;
				SWIFT_VERSION = 5.0;
				TARGETED_DEVICE_FAMILY = "1,2";
			};
			name = Debug;
		};
		29480E9B27319647006C799F /* Release */ = {
			isa = XCBuildConfiguration;
			buildSettings = {
				CODE_SIGN_ENTITLEMENTS = "Safari Extension/iOS/Extension.entitlements";
				CODE_SIGN_STYLE = Automatic;
				CURRENT_PROJECT_VERSION = 30;
				DEVELOPMENT_TEAM = QK557BC776;
				GENERATE_INFOPLIST_FILE = YES;
				INFOPLIST_FILE = "Safari Extension/iOS/Info.plist";
				INFOPLIST_KEY_CFBundleDisplayName = "QR Pop Extension";
				INFOPLIST_KEY_NSHumanReadableCopyright = "";
				IPHONEOS_DEPLOYMENT_TARGET = 15.0;
				LD_RUNPATH_SEARCH_PATHS = (
					"$(inherited)",
					"@executable_path/Frameworks",
					"@executable_path/../../Frameworks",
				);
				MARKETING_VERSION = 2.5;
				OTHER_LDFLAGS = (
					"-framework",
					SafariServices,
				);
				PRODUCT_BUNDLE_IDENTIFIER = "shwndvs.QR-Pop.Extension";
				PRODUCT_NAME = "QR Pop Extension";
				SDKROOT = iphoneos;
				SKIP_INSTALL = YES;
				SUPPORTS_MACCATALYST = NO;
				SWIFT_EMIT_LOC_STRINGS = YES;
				SWIFT_VERSION = 5.0;
				TARGETED_DEVICE_FAMILY = "1,2";
				VALIDATE_PRODUCT = YES;
			};
			name = Release;
		};
		29480E9E27319647006C799F /* Debug */ = {
			isa = XCBuildConfiguration;
			buildSettings = {
				ALWAYS_EMBED_SWIFT_STANDARD_LIBRARIES = YES;
				ASSETCATALOG_COMPILER_APPICON_NAME = AppIcon;
				ASSETCATALOG_COMPILER_GLOBAL_ACCENT_COLOR_NAME = AccentColor;
				CODE_SIGN_ENTITLEMENTS = "QR Pop/iOS/QR Pop.entitlements";
				CODE_SIGN_STYLE = Automatic;
				CURRENT_PROJECT_VERSION = 30;
				DEVELOPMENT_TEAM = QK557BC776;
				GENERATE_INFOPLIST_FILE = YES;
				INFOPLIST_FILE = "QR Pop/iOS/Info.plist";
				INFOPLIST_KEY_CFBundleDisplayName = "QR Pop";
				INFOPLIST_KEY_LSApplicationCategoryType = "public.app-category.utilities";
				INFOPLIST_KEY_NSContactsUsageDescription = "QR Pop would like to generate a QR Code for a chosen contact.";
				INFOPLIST_KEY_NSPhotoLibraryAddUsageDescription = "QR Pop would like to save images of your codes to your device.";
				INFOPLIST_KEY_UIApplicationSupportsIndirectInputEvents = YES;
				INFOPLIST_KEY_UILaunchStoryboardName = LaunchScreen;
				INFOPLIST_KEY_UISupportedInterfaceOrientations = "UIInterfaceOrientationPortrait UIInterfaceOrientationLandscapeLeft UIInterfaceOrientationLandscapeRight";
				INFOPLIST_KEY_UISupportedInterfaceOrientations_iPad = "UIInterfaceOrientationPortrait UIInterfaceOrientationPortraitUpsideDown UIInterfaceOrientationLandscapeLeft UIInterfaceOrientationLandscapeRight";
				IPHONEOS_DEPLOYMENT_TARGET = 15.0;
				LD_RUNPATH_SEARCH_PATHS = (
					"$(inherited)",
					"@executable_path/Frameworks",
				);
				MARKETING_VERSION = 2.5;
				OTHER_LDFLAGS = (
					"-framework",
					SafariServices,
					"-framework",
					WebKit,
				);
				PRODUCT_BUNDLE_IDENTIFIER = "shwndvs.QR-Pop";
				PRODUCT_NAME = "QR Pop";
				SDKROOT = iphoneos;
				SUPPORTS_MACCATALYST = NO;
				SWIFT_EMIT_LOC_STRINGS = YES;
				SWIFT_VERSION = 5.0;
				TARGETED_DEVICE_FAMILY = "1,2";
			};
			name = Debug;
		};
		29480E9F27319647006C799F /* Release */ = {
			isa = XCBuildConfiguration;
			buildSettings = {
				ALWAYS_EMBED_SWIFT_STANDARD_LIBRARIES = YES;
				ASSETCATALOG_COMPILER_APPICON_NAME = AppIcon;
				ASSETCATALOG_COMPILER_GLOBAL_ACCENT_COLOR_NAME = AccentColor;
				CODE_SIGN_ENTITLEMENTS = "QR Pop/iOS/QR Pop.entitlements";
				CODE_SIGN_STYLE = Automatic;
				CURRENT_PROJECT_VERSION = 30;
				DEVELOPMENT_TEAM = QK557BC776;
				GENERATE_INFOPLIST_FILE = YES;
				INFOPLIST_FILE = "QR Pop/iOS/Info.plist";
				INFOPLIST_KEY_CFBundleDisplayName = "QR Pop";
				INFOPLIST_KEY_LSApplicationCategoryType = "public.app-category.utilities";
				INFOPLIST_KEY_NSContactsUsageDescription = "QR Pop would like to generate a QR Code for a chosen contact.";
				INFOPLIST_KEY_NSPhotoLibraryAddUsageDescription = "QR Pop would like to save images of your codes to your device.";
				INFOPLIST_KEY_UIApplicationSupportsIndirectInputEvents = YES;
				INFOPLIST_KEY_UILaunchStoryboardName = LaunchScreen;
				INFOPLIST_KEY_UISupportedInterfaceOrientations = "UIInterfaceOrientationPortrait UIInterfaceOrientationLandscapeLeft UIInterfaceOrientationLandscapeRight";
				INFOPLIST_KEY_UISupportedInterfaceOrientations_iPad = "UIInterfaceOrientationPortrait UIInterfaceOrientationPortraitUpsideDown UIInterfaceOrientationLandscapeLeft UIInterfaceOrientationLandscapeRight";
				IPHONEOS_DEPLOYMENT_TARGET = 15.0;
				LD_RUNPATH_SEARCH_PATHS = (
					"$(inherited)",
					"@executable_path/Frameworks",
				);
				MARKETING_VERSION = 2.5;
				OTHER_LDFLAGS = (
					"-framework",
					SafariServices,
					"-framework",
					WebKit,
				);
				PRODUCT_BUNDLE_IDENTIFIER = "shwndvs.QR-Pop";
				PRODUCT_NAME = "QR Pop";
				SDKROOT = iphoneos;
				SUPPORTS_MACCATALYST = NO;
				SWIFT_EMIT_LOC_STRINGS = YES;
				SWIFT_VERSION = 5.0;
				TARGETED_DEVICE_FAMILY = "1,2";
				VALIDATE_PRODUCT = YES;
			};
			name = Release;
		};
		29480EA127319647006C799F /* Debug */ = {
			isa = XCBuildConfiguration;
			buildSettings = {
				CODE_SIGN_ENTITLEMENTS = "Safari Extension/macOS/QR Pop.entitlements";
				CODE_SIGN_IDENTITY = "Apple Development";
				CODE_SIGN_STYLE = Automatic;
				CURRENT_PROJECT_VERSION = 30;
				DEVELOPMENT_TEAM = QK557BC776;
				ENABLE_HARDENED_RUNTIME = YES;
				GENERATE_INFOPLIST_FILE = YES;
				INFOPLIST_FILE = "Safari Extension/macOS/Info.plist";
				INFOPLIST_KEY_CFBundleDisplayName = "QR Pop Extension";
				INFOPLIST_KEY_NSHumanReadableCopyright = "";
				LD_RUNPATH_SEARCH_PATHS = (
					"$(inherited)",
					"@executable_path/../Frameworks",
					"@executable_path/../../../../Frameworks",
				);
				MACOSX_DEPLOYMENT_TARGET = 10.14;
				MARKETING_VERSION = 2.5;
				OTHER_LDFLAGS = (
					"-framework",
					SafariServices,
				);
				PRODUCT_BUNDLE_IDENTIFIER = "shwndvs.QR-Pop.Extension";
				PRODUCT_NAME = "QR Pop Extension";
				SDKROOT = macosx;
				SKIP_INSTALL = YES;
				SWIFT_EMIT_LOC_STRINGS = YES;
				SWIFT_VERSION = 5.0;
			};
			name = Debug;
		};
		29480EA227319647006C799F /* Release */ = {
			isa = XCBuildConfiguration;
			buildSettings = {
				CODE_SIGN_ENTITLEMENTS = "Safari Extension/macOS/QR Pop.entitlements";
				CODE_SIGN_IDENTITY = "Apple Development";
				CODE_SIGN_STYLE = Automatic;
				CURRENT_PROJECT_VERSION = 30;
				DEVELOPMENT_TEAM = QK557BC776;
				ENABLE_HARDENED_RUNTIME = YES;
				GENERATE_INFOPLIST_FILE = YES;
				INFOPLIST_FILE = "Safari Extension/macOS/Info.plist";
				INFOPLIST_KEY_CFBundleDisplayName = "QR Pop Extension";
				INFOPLIST_KEY_NSHumanReadableCopyright = "";
				LD_RUNPATH_SEARCH_PATHS = (
					"$(inherited)",
					"@executable_path/../Frameworks",
					"@executable_path/../../../../Frameworks",
				);
				MACOSX_DEPLOYMENT_TARGET = 10.14;
				MARKETING_VERSION = 2.5;
				OTHER_LDFLAGS = (
					"-framework",
					SafariServices,
				);
				PRODUCT_BUNDLE_IDENTIFIER = "shwndvs.QR-Pop.Extension";
				PRODUCT_NAME = "QR Pop Extension";
				SDKROOT = macosx;
				SKIP_INSTALL = YES;
				SWIFT_EMIT_LOC_STRINGS = YES;
				SWIFT_VERSION = 5.0;
			};
			name = Release;
		};
		29480EA527319647006C799F /* Debug */ = {
			isa = XCBuildConfiguration;
			buildSettings = {
				ALWAYS_EMBED_SWIFT_STANDARD_LIBRARIES = YES;
				ASSETCATALOG_COMPILER_APPICON_NAME = AppIcon;
				ASSETCATALOG_COMPILER_GLOBAL_ACCENT_COLOR_NAME = AccentColor;
				CODE_SIGN_ENTITLEMENTS = "QR Pop/macOS/QR Pop.entitlements";
				CODE_SIGN_IDENTITY = "Apple Development";
				CODE_SIGN_STYLE = Automatic;
				CURRENT_PROJECT_VERSION = 30;
				DEVELOPMENT_TEAM = QK557BC776;
				ENABLE_HARDENED_RUNTIME = YES;
				GENERATE_INFOPLIST_FILE = YES;
				INFOPLIST_FILE = "QR Pop/macOS/Info.plist";
				INFOPLIST_KEY_CFBundleDisplayName = "QR Pop";
				INFOPLIST_KEY_LSApplicationCategoryType = "public.app-category.utilities";
				INFOPLIST_KEY_NSContactsUsageDescription = "QR Pop would like to generate a QR Code for a chosen contact.";
				INFOPLIST_KEY_NSMainStoryboardFile = Main;
				INFOPLIST_KEY_NSPrincipalClass = NSApplication;
				LD_RUNPATH_SEARCH_PATHS = (
					"$(inherited)",
					"@executable_path/../Frameworks",
				);
				MACOSX_DEPLOYMENT_TARGET = 12.0;
				MARKETING_VERSION = 2.5;
				OTHER_LDFLAGS = (
					"-framework",
					SafariServices,
					"-framework",
					WebKit,
				);
				PRODUCT_BUNDLE_IDENTIFIER = "shwndvs.QR-Pop";
				PRODUCT_NAME = "QR Pop";
				SDKROOT = macosx;
				SWIFT_EMIT_LOC_STRINGS = YES;
				SWIFT_VERSION = 5.0;
			};
			name = Debug;
		};
		29480EA627319647006C799F /* Release */ = {
			isa = XCBuildConfiguration;
			buildSettings = {
				ALWAYS_EMBED_SWIFT_STANDARD_LIBRARIES = YES;
				ASSETCATALOG_COMPILER_APPICON_NAME = AppIcon;
				ASSETCATALOG_COMPILER_GLOBAL_ACCENT_COLOR_NAME = AccentColor;
				CODE_SIGN_ENTITLEMENTS = "QR Pop/macOS/QR Pop.entitlements";
				CODE_SIGN_IDENTITY = "Apple Development";
				CODE_SIGN_STYLE = Automatic;
				CURRENT_PROJECT_VERSION = 30;
				DEVELOPMENT_TEAM = QK557BC776;
				ENABLE_HARDENED_RUNTIME = YES;
				GENERATE_INFOPLIST_FILE = YES;
				INFOPLIST_FILE = "QR Pop/macOS/Info.plist";
				INFOPLIST_KEY_CFBundleDisplayName = "QR Pop";
				INFOPLIST_KEY_LSApplicationCategoryType = "public.app-category.utilities";
				INFOPLIST_KEY_NSContactsUsageDescription = "QR Pop would like to generate a QR Code for a chosen contact.";
				INFOPLIST_KEY_NSMainStoryboardFile = Main;
				INFOPLIST_KEY_NSPrincipalClass = NSApplication;
				LD_RUNPATH_SEARCH_PATHS = (
					"$(inherited)",
					"@executable_path/../Frameworks",
				);
				MACOSX_DEPLOYMENT_TARGET = 12.0;
				MARKETING_VERSION = 2.5;
				OTHER_LDFLAGS = (
					"-framework",
					SafariServices,
					"-framework",
					WebKit,
				);
				PRODUCT_BUNDLE_IDENTIFIER = "shwndvs.QR-Pop";
				PRODUCT_NAME = "QR Pop";
				SDKROOT = macosx;
				SWIFT_EMIT_LOC_STRINGS = YES;
				SWIFT_VERSION = 5.0;
			};
			name = Release;
		};
		29B198632731A2FF0001909F /* Debug */ = {
			isa = XCBuildConfiguration;
			buildSettings = {
				ASSETCATALOG_COMPILER_APPICON_NAME = ExtensionIcon;
				CODE_SIGN_ENTITLEMENTS = "Share Extension/iOS/Action.entitlements";
				CODE_SIGN_STYLE = Automatic;
				CURRENT_PROJECT_VERSION = 30;
				DEVELOPMENT_TEAM = QK557BC776;
				GENERATE_INFOPLIST_FILE = YES;
				INFOPLIST_FILE = "Share Extension/iOS/Info.plist";
				INFOPLIST_KEY_CFBundleDisplayName = "Generate QR Code";
				INFOPLIST_KEY_NSHumanReadableCopyright = "";
				IPHONEOS_DEPLOYMENT_TARGET = 15.0;
				LD_RUNPATH_SEARCH_PATHS = (
					"$(inherited)",
					"@executable_path/Frameworks",
					"@executable_path/../../Frameworks",
				);
				MARKETING_VERSION = 2.5;
				PRODUCT_BUNDLE_IDENTIFIER = "shwndvs.QR-Pop.Action";
				PRODUCT_NAME = "$(TARGET_NAME)";
				SDKROOT = iphoneos;
				SKIP_INSTALL = YES;
				SUPPORTS_MACCATALYST = NO;
				SWIFT_EMIT_LOC_STRINGS = YES;
				SWIFT_VERSION = 5.0;
				TARGETED_DEVICE_FAMILY = "1,2";
			};
			name = Debug;
		};
		29B198642731A2FF0001909F /* Release */ = {
			isa = XCBuildConfiguration;
			buildSettings = {
				ASSETCATALOG_COMPILER_APPICON_NAME = ExtensionIcon;
				CODE_SIGN_ENTITLEMENTS = "Share Extension/iOS/Action.entitlements";
				CODE_SIGN_STYLE = Automatic;
				CURRENT_PROJECT_VERSION = 30;
				DEVELOPMENT_TEAM = QK557BC776;
				GENERATE_INFOPLIST_FILE = YES;
				INFOPLIST_FILE = "Share Extension/iOS/Info.plist";
				INFOPLIST_KEY_CFBundleDisplayName = "Generate QR Code";
				INFOPLIST_KEY_NSHumanReadableCopyright = "";
				IPHONEOS_DEPLOYMENT_TARGET = 15.0;
				LD_RUNPATH_SEARCH_PATHS = (
					"$(inherited)",
					"@executable_path/Frameworks",
					"@executable_path/../../Frameworks",
				);
				MARKETING_VERSION = 2.5;
				PRODUCT_BUNDLE_IDENTIFIER = "shwndvs.QR-Pop.Action";
				PRODUCT_NAME = "$(TARGET_NAME)";
				SDKROOT = iphoneos;
				SKIP_INSTALL = YES;
				SUPPORTS_MACCATALYST = NO;
				SWIFT_EMIT_LOC_STRINGS = YES;
				SWIFT_VERSION = 5.0;
				TARGETED_DEVICE_FAMILY = "1,2";
				VALIDATE_PRODUCT = YES;
			};
			name = Release;
		};
		29B198792731A4750001909F /* Debug */ = {
			isa = XCBuildConfiguration;
			buildSettings = {
				CODE_SIGN_ENTITLEMENTS = "Share Extension/macOS/Share.entitlements";
				CODE_SIGN_IDENTITY = "Apple Development";
				CODE_SIGN_STYLE = Automatic;
				COMBINE_HIDPI_IMAGES = YES;
				CURRENT_PROJECT_VERSION = 30;
				DEVELOPMENT_TEAM = QK557BC776;
				ENABLE_HARDENED_RUNTIME = YES;
				GENERATE_INFOPLIST_FILE = YES;
				INFOPLIST_FILE = "Share Extension/macOS/Info.plist";
				INFOPLIST_KEY_CFBundleDisplayName = "Generate QR Code";
				INFOPLIST_KEY_NSHumanReadableCopyright = "";
				LD_RUNPATH_SEARCH_PATHS = (
					"$(inherited)",
					"@executable_path/../Frameworks",
					"@executable_path/../../../../Frameworks",
				);
				MACOSX_DEPLOYMENT_TARGET = 12.0;
				MARKETING_VERSION = 2.5;
				PRODUCT_BUNDLE_IDENTIFIER = "shwndvs.QR-Pop.Share-Extension-macOS";
				PRODUCT_NAME = "$(TARGET_NAME)";
				SDKROOT = macosx;
				SKIP_INSTALL = YES;
				SWIFT_EMIT_LOC_STRINGS = YES;
				SWIFT_VERSION = 5.0;
			};
			name = Debug;
		};
		29B1987A2731A4750001909F /* Release */ = {
			isa = XCBuildConfiguration;
			buildSettings = {
				CODE_SIGN_ENTITLEMENTS = "Share Extension/macOS/Share.entitlements";
				CODE_SIGN_IDENTITY = "Apple Development";
				CODE_SIGN_STYLE = Automatic;
				COMBINE_HIDPI_IMAGES = YES;
				CURRENT_PROJECT_VERSION = 30;
				DEVELOPMENT_TEAM = QK557BC776;
				ENABLE_HARDENED_RUNTIME = YES;
				GENERATE_INFOPLIST_FILE = YES;
				INFOPLIST_FILE = "Share Extension/macOS/Info.plist";
				INFOPLIST_KEY_CFBundleDisplayName = "Generate QR Code";
				INFOPLIST_KEY_NSHumanReadableCopyright = "";
				LD_RUNPATH_SEARCH_PATHS = (
					"$(inherited)",
					"@executable_path/../Frameworks",
					"@executable_path/../../../../Frameworks",
				);
				MACOSX_DEPLOYMENT_TARGET = 12.0;
				MARKETING_VERSION = 2.5;
				PRODUCT_BUNDLE_IDENTIFIER = "shwndvs.QR-Pop.Share-Extension-macOS";
				PRODUCT_NAME = "$(TARGET_NAME)";
				SDKROOT = macosx;
				SKIP_INSTALL = YES;
				SWIFT_EMIT_LOC_STRINGS = YES;
				SWIFT_VERSION = 5.0;
			};
			name = Release;
		};
/* End XCBuildConfiguration section */

/* Begin XCConfigurationList section */
		29480E3127319644006C799F /* Build configuration list for PBXProject "QR Pop" */ = {
			isa = XCConfigurationList;
			buildConfigurations = (
				29480E9727319647006C799F /* Debug */,
				29480E9827319647006C799F /* Release */,
			);
			defaultConfigurationIsVisible = 0;
			defaultConfigurationName = Release;
		};
		29480E9927319647006C799F /* Build configuration list for PBXNativeTarget "QR Pop Extension (iOS)" */ = {
			isa = XCConfigurationList;
			buildConfigurations = (
				29480E9A27319647006C799F /* Debug */,
				29480E9B27319647006C799F /* Release */,
			);
			defaultConfigurationIsVisible = 0;
			defaultConfigurationName = Release;
		};
		29480E9D27319647006C799F /* Build configuration list for PBXNativeTarget "QR Pop (iOS)" */ = {
			isa = XCConfigurationList;
			buildConfigurations = (
				29480E9E27319647006C799F /* Debug */,
				29480E9F27319647006C799F /* Release */,
			);
			defaultConfigurationIsVisible = 0;
			defaultConfigurationName = Release;
		};
		29480EA027319647006C799F /* Build configuration list for PBXNativeTarget "QR Pop Extension (macOS)" */ = {
			isa = XCConfigurationList;
			buildConfigurations = (
				29480EA127319647006C799F /* Debug */,
				29480EA227319647006C799F /* Release */,
			);
			defaultConfigurationIsVisible = 0;
			defaultConfigurationName = Release;
		};
		29480EA427319647006C799F /* Build configuration list for PBXNativeTarget "QR Pop (macOS)" */ = {
			isa = XCConfigurationList;
			buildConfigurations = (
				29480EA527319647006C799F /* Debug */,
				29480EA627319647006C799F /* Release */,
			);
			defaultConfigurationIsVisible = 0;
			defaultConfigurationName = Release;
		};
		29B198622731A2FF0001909F /* Build configuration list for PBXNativeTarget "Action" */ = {
			isa = XCConfigurationList;
			buildConfigurations = (
				29B198632731A2FF0001909F /* Debug */,
				29B198642731A2FF0001909F /* Release */,
			);
			defaultConfigurationIsVisible = 0;
			defaultConfigurationName = Release;
		};
		29B198782731A4750001909F /* Build configuration list for PBXNativeTarget "Share" */ = {
			isa = XCConfigurationList;
			buildConfigurations = (
				29B198792731A4750001909F /* Debug */,
				29B1987A2731A4750001909F /* Release */,
			);
			defaultConfigurationIsVisible = 0;
			defaultConfigurationName = Release;
		};
/* End XCConfigurationList section */

/* Begin XCRemoteSwiftPackageReference section */
		2960864E273CC2AB00A15B56 /* XCRemoteSwiftPackageReference "Preferences" */ = {
			isa = XCRemoteSwiftPackageReference;
			repositoryURL = "https://github.com/sindresorhus/Preferences";
			requirement = {
				branch = main;
				kind = branch;
			};
		};
		29AB0532273198F5009D4901 /* XCRemoteSwiftPackageReference "AlertToast" */ = {
			isa = XCRemoteSwiftPackageReference;
			repositoryURL = "https://github.com/elai950/AlertToast.git";
			requirement = {
				branch = master;
				kind = branch;
			};
		};
/* End XCRemoteSwiftPackageReference section */

/* Begin XCSwiftPackageProductDependency section */
		2911FD682738818600E999C3 /* AlertToast */ = {
			isa = XCSwiftPackageProductDependency;
			package = 29AB0532273198F5009D4901 /* XCRemoteSwiftPackageReference "AlertToast" */;
			productName = AlertToast;
		};
		2960864F273CC2AB00A15B56 /* Preferences */ = {
			isa = XCSwiftPackageProductDependency;
			package = 2960864E273CC2AB00A15B56 /* XCRemoteSwiftPackageReference "Preferences" */;
			productName = Preferences;
		};
		29AB0533273198F5009D4901 /* AlertToast */ = {
			isa = XCSwiftPackageProductDependency;
			package = 29AB0532273198F5009D4901 /* XCRemoteSwiftPackageReference "AlertToast" */;
			productName = AlertToast;
		};
/* End XCSwiftPackageProductDependency section */
	};
	rootObject = 29480E2E27319644006C799F /* Project object */;
}
